// !$*UTF8*$!
{
	archiveVersion = 1;
	classes = {
	};
	objectVersion = 56;
	objects = {

/* Begin PBXBuildFile section */
		F6026E682DA1091E0053560D /* ProfileService.swift in Sources */ = {isa = PBXBuildFile; fileRef = F6026E672DA1091B0053560D /* ProfileService.swift */; };
		F6026E6D2DA1289D0053560D /* YandexAuthViewController.swift in Sources */ = {isa = PBXBuildFile; fileRef = F6026E6C2DA1289D0053560D /* YandexAuthViewController.swift */; };
		F6026E6F2DA129420053560D /* YandexAuthView.swift in Sources */ = {isa = PBXBuildFile; fileRef = F6026E6E2DA1293D0053560D /* YandexAuthView.swift */; };
		F6026E712DA1320D0053560D /* YandexDiskService.swift in Sources */ = {isa = PBXBuildFile; fileRef = F6026E702DA132040053560D /* YandexDiskService.swift */; };
		F6026E732DA13D550053560D /* CloudService.swift in Sources */ = {isa = PBXBuildFile; fileRef = F6026E722DA13D4D0053560D /* CloudService.swift */; };
		F6026E752DA13E480053560D /* CloudServiceConverter.swift in Sources */ = {isa = PBXBuildFile; fileRef = F6026E742DA13E420053560D /* CloudServiceConverter.swift */; };
		F6026E782DA149730053560D /* GoogleDriveClient in Frameworks */ = {isa = PBXBuildFile; productRef = F6026E772DA149730053560D /* GoogleDriveClient */; };
		F6026E7B2DA149900053560D /* GoogleDriveService.swift in Sources */ = {isa = PBXBuildFile; fileRef = F6026E7A2DA1498B0053560D /* GoogleDriveService.swift */; };
		F6026E7D2DA32F2E0053560D /* KeychainManager.swift in Sources */ = {isa = PBXBuildFile; fileRef = F6026E7C2DA32F2E0053560D /* KeychainManager.swift */; };
		F6026E7F2DA3F0740053560D /* SwiftDataManager.swift in Sources */ = {isa = PBXBuildFile; fileRef = F6026E7E2DA3F06E0053560D /* SwiftDataManager.swift */; };
		F608103C2D3194E8007AB5C2 /* NesRomViewController.swift in Sources */ = {isa = PBXBuildFile; fileRef = F608103B2D3194E8007AB5C2 /* NesRomViewController.swift */; };
		F60810402D3195E1007AB5C2 /* NESScreenView.swift in Sources */ = {isa = PBXBuildFile; fileRef = F608103F2D3195E1007AB5C2 /* NESScreenView.swift */; };
		F60811D52D32529F007AB5C2 /* Collection+SafeIndex.swift in Sources */ = {isa = PBXBuildFile; fileRef = F60811CE2D32529F007AB5C2 /* Collection+SafeIndex.swift */; };
		F60811D62D32529F007AB5C2 /* UInt8+ByteUtils.swift in Sources */ = {isa = PBXBuildFile; fileRef = F60811D22D32529F007AB5C2 /* UInt8+ByteUtils.swift */; };
		F60811D82D32529F007AB5C2 /* Data+MD5.swift in Sources */ = {isa = PBXBuildFile; fileRef = F60811CF2D32529F007AB5C2 /* Data+MD5.swift */; };
		F60811DA2D32529F007AB5C2 /* Data+ValueConversion.swift in Sources */ = {isa = PBXBuildFile; fileRef = F60811D02D32529F007AB5C2 /* Data+ValueConversion.swift */; };
		F60BCC5E2CB928BB00A409B3 /* SettingsView.swift in Sources */ = {isa = PBXBuildFile; fileRef = F60BCC5D2CB928B600A409B3 /* SettingsView.swift */; };
		F612F9BF2D666EAF0044284D /* MetalKit.framework in Frameworks */ = {isa = PBXBuildFile; fileRef = F612F9BE2D666EAF0044284D /* MetalKit.framework */; };
		F612F9C12D666EB50044284D /* ModelIO.framework in Frameworks */ = {isa = PBXBuildFile; fileRef = F612F9C02D666EB50044284D /* ModelIO.framework */; };
		F612F9DF2D6688460044284D /* Shader.metal in Sources */ = {isa = PBXBuildFile; fileRef = F612F9DE2D66883F0044284D /* Shader.metal */; };
		F61501E72C440C43003B7574 /* HomeView.swift in Sources */ = {isa = PBXBuildFile; fileRef = F61501E62C440C43003B7574 /* HomeView.swift */; };
		F61501ED2C440FC6003B7574 /* LibraryView.swift in Sources */ = {isa = PBXBuildFile; fileRef = F61501EC2C440FC6003B7574 /* LibraryView.swift */; };
		F61501FA2C441076003B7574 /* ProfileView.swift in Sources */ = {isa = PBXBuildFile; fileRef = F61501F92C441076003B7574 /* ProfileView.swift */; };
		F6191F212D6F3E50008CEF57 /* Localizable.xcstrings in Resources */ = {isa = PBXBuildFile; fileRef = F6191F202D6F3E50008CEF57 /* Localizable.xcstrings */; };
		F6191F232D6F3F6C008CEF57 /* Localization.swift in Sources */ = {isa = PBXBuildFile; fileRef = F6191F222D6F3F68008CEF57 /* Localization.swift */; };
		F61A1CD42D53E355002BE8AB /* LoadingAnimation.swift in Sources */ = {isa = PBXBuildFile; fileRef = F61A1CD32D53E351002BE8AB /* LoadingAnimation.swift */; };
		F61A1CD82D548199002BE8AB /* FlipView.swift in Sources */ = {isa = PBXBuildFile; fileRef = F61A1CD72D548199002BE8AB /* FlipView.swift */; };
		F6228A062C14EC570042F578 /* CPUTests.swift in Sources */ = {isa = PBXBuildFile; fileRef = F6228A052C14EC570042F578 /* CPUTests.swift */; };
		F63A11EA2D6F966200E091B6 /* MetalFX.framework in Frameworks */ = {isa = PBXBuildFile; fileRef = F612F9BC2D666EA20044284D /* MetalFX.framework */; };
		F63D81C62D32AC990087107D /* Image+ImageDataInit.swift in Sources */ = {isa = PBXBuildFile; fileRef = F63D81C52D32AC980087107D /* Image+ImageDataInit.swift */; };
		F6498A4F2C5E3BD0006D371C /* LibraryItemView.swift in Sources */ = {isa = PBXBuildFile; fileRef = F6498A4E2C5E3BD0006D371C /* LibraryItemView.swift */; };
		F6498A512C5E46C4006D371C /* LibraryViewModel.swift in Sources */ = {isa = PBXBuildFile; fileRef = F6498A502C5E46C4006D371C /* LibraryViewModel.swift */; };
		F6498A532C5E46E0006D371C /* LibraryItemModel.swift in Sources */ = {isa = PBXBuildFile; fileRef = F6498A522C5E46E0006D371C /* LibraryItemModel.swift */; };
		F6498A552C5E5C52006D371C /* AddGameView.swift in Sources */ = {isa = PBXBuildFile; fileRef = F6498A542C5E5C51006D371C /* AddGameView.swift */; };
		F668DDB92BFD1A92007A3B60 /* iESApp.swift in Sources */ = {isa = PBXBuildFile; fileRef = F668DDB82BFD1A92007A3B60 /* iESApp.swift */; };
		F668DDBF2BFD1A94007A3B60 /* Assets.xcassets in Resources */ = {isa = PBXBuildFile; fileRef = F668DDBE2BFD1A94007A3B60 /* Assets.xcassets */; };
		F668DDC32BFD1A94007A3B60 /* Preview Assets.xcassets in Resources */ = {isa = PBXBuildFile; fileRef = F668DDC22BFD1A94007A3B60 /* Preview Assets.xcassets */; };
		F668DDD72BFD1A94007A3B60 /* iESUITests.swift in Sources */ = {isa = PBXBuildFile; fileRef = F668DDD62BFD1A94007A3B60 /* iESUITests.swift */; };
		F668DDD92BFD1A94007A3B60 /* iESUITestsLaunchTests.swift in Sources */ = {isa = PBXBuildFile; fileRef = F668DDD82BFD1A94007A3B60 /* iESUITestsLaunchTests.swift */; };
		F6701BAA2C824F3D00E5C7B1 /* LibraryItemDetailView.swift in Sources */ = {isa = PBXBuildFile; fileRef = F6701BA92C824F3D00E5C7B1 /* LibraryItemDetailView.swift */; };
		F688E4AF2C5DDB1A00055CD0 /* HomeViewIcon.swift in Sources */ = {isa = PBXBuildFile; fileRef = F688E4AE2C5DDB1A00055CD0 /* HomeViewIcon.swift */; };
		F6AE93072D97114300ED6722 /* ProfileModel.swift in Sources */ = {isa = PBXBuildFile; fileRef = F6AE93062D97114000ED6722 /* ProfileModel.swift */; };
		F6B03BA92CB92CF600B2D3BA /* SettingsConstants.swift in Sources */ = {isa = PBXBuildFile; fileRef = F6B03BA82CB92CF000B2D3BA /* SettingsConstants.swift */; };
		F6B85B052CEA47190033027E /* ConsoleView.swift in Sources */ = {isa = PBXBuildFile; fileRef = F6B85B042CEA47170033027E /* ConsoleView.swift */; };
		F6D073B32D32CDDD0086080F /* UIWindow+Current.swift in Sources */ = {isa = PBXBuildFile; fileRef = F6D073B22D32CDCF0086080F /* UIWindow+Current.swift */; };
		F6D073F72D33C9420086080F /* AddressingMode.swift in Sources */ = {isa = PBXBuildFile; fileRef = F6D073CA2D33C9420086080F /* AddressingMode.swift */; };
		F6D073F82D33C9420086080F /* MirroringMode.swift in Sources */ = {isa = PBXBuildFile; fileRef = F6D073E82D33C9420086080F /* MirroringMode.swift */; };
		F6D073F92D33C9420086080F /* Mapper_VRC2c_VRC4b_VRC4d.swift in Sources */ = {isa = PBXBuildFile; fileRef = F6D073E22D33C9420086080F /* Mapper_VRC2c_VRC4b_VRC4d.swift */; };
		F6D073FA2D33C9420086080F /* Mapper_VRC7.swift in Sources */ = {isa = PBXBuildFile; fileRef = F6D073E32D33C9420086080F /* Mapper_VRC7.swift */; };
		F6D073FB2D33C9420086080F /* RomHeader.swift in Sources */ = {isa = PBXBuildFile; fileRef = F6D073C12D33C9420086080F /* RomHeader.swift */; };
		F6D073FC2D33C9420086080F /* Scanlines.swift in Sources */ = {isa = PBXBuildFile; fileRef = F6D073F42D33C9420086080F /* Scanlines.swift */; };
		F6D073FD2D33C9420086080F /* PPU.swift in Sources */ = {isa = PBXBuildFile; fileRef = F6D073EA2D33C9420086080F /* PPU.swift */; };
		F6D073FF2D33C9420086080F /* InstructionData.swift in Sources */ = {isa = PBXBuildFile; fileRef = F6D073C72D33C9420086080F /* InstructionData.swift */; };
		F6D074002D33C9420086080F /* Mapper_Namcot118_TengenMimic1.swift in Sources */ = {isa = PBXBuildFile; fileRef = F6D073DA2D33C9420086080F /* Mapper_Namcot118_TengenMimic1.swift */; };
		F6D074012D33C9420086080F /* Mapper_87.swift in Sources */ = {isa = PBXBuildFile; fileRef = F6D073CF2D33C9420086080F /* Mapper_87.swift */; };
		F6D074022D33C9420086080F /* Mapper_TxSROM.swift in Sources */ = {isa = PBXBuildFile; fileRef = F6D073DE2D33C9420086080F /* Mapper_TxSROM.swift */; };
		F6D074032D33C9420086080F /* Mapper_MMC1.swift in Sources */ = {isa = PBXBuildFile; fileRef = F6D073D52D33C9420086080F /* Mapper_MMC1.swift */; };
		F6D074042D33C9420086080F /* PPUState.swift in Sources */ = {isa = PBXBuildFile; fileRef = F6D073EB2D33C9420086080F /* PPUState.swift */; };
		F6D074052D33C9420086080F /* APU.swift in Sources */ = {isa = PBXBuildFile; fileRef = F6D073BC2D33C9420086080F /* APU.swift */; };
		F6D074062D33C9420086080F /* Mapper_CNROM.swift in Sources */ = {isa = PBXBuildFile; fileRef = F6D073D22D33C9420086080F /* Mapper_CNROM.swift */; };
		F6D074072D33C9420086080F /* DMCState.swift in Sources */ = {isa = PBXBuildFile; fileRef = F6D073B72D33C9420086080F /* DMCState.swift */; };
		F6D074082D33C9420086080F /* Mapper_MMC2.swift in Sources */ = {isa = PBXBuildFile; fileRef = F6D073D62D33C9420086080F /* Mapper_MMC2.swift */; };
		F6D074092D33C9420086080F /* Mapper_MMC3.swift in Sources */ = {isa = PBXBuildFile; fileRef = F6D073D72D33C9420086080F /* Mapper_MMC3.swift */; };
		F6D0740A2D33C9420086080F /* StepData.swift in Sources */ = {isa = PBXBuildFile; fileRef = F6D073C82D33C9420086080F /* StepData.swift */; };
		F6D0740B2D33C9420086080F /* TriangleState.swift in Sources */ = {isa = PBXBuildFile; fileRef = F6D073BA2D33C9420086080F /* TriangleState.swift */; };
		F6D0740C2D33C9420086080F /* Controller.swift in Sources */ = {isa = PBXBuildFile; fileRef = F6D073C32D33C9420086080F /* Controller.swift */; };
		F6D0740D2D33C9420086080F /* Mapper_UNROM.swift in Sources */ = {isa = PBXBuildFile; fileRef = F6D073DF2D33C9420086080F /* Mapper_UNROM.swift */; };
		F6D074102D33C9420086080F /* Mapper_UnsupportedPlaceholder.swift in Sources */ = {isa = PBXBuildFile; fileRef = F6D073E02D33C9420086080F /* Mapper_UnsupportedPlaceholder.swift */; };
		F6D074112D33C9420086080F /* MapperProtocol.swift in Sources */ = {isa = PBXBuildFile; fileRef = F6D073E62D33C9420086080F /* MapperProtocol.swift */; };
		F6D074122D33C9420086080F /* CPUState.swift in Sources */ = {isa = PBXBuildFile; fileRef = F6D073C62D33C9420086080F /* CPUState.swift */; };
		F6D074132D33C9420086080F /* Mapper_AxROM.swift in Sources */ = {isa = PBXBuildFile; fileRef = F6D073D02D33C9420086080F /* Mapper_AxROM.swift */; };
		F6D074142D33C9420086080F /* Mapper_ColorDreams.swift in Sources */ = {isa = PBXBuildFile; fileRef = F6D073D32D33C9420086080F /* Mapper_ColorDreams.swift */; };
		F6D074152D33C9420086080F /* Interrupt.swift in Sources */ = {isa = PBXBuildFile; fileRef = F6D073CC2D33C9420086080F /* Interrupt.swift */; };
		F6D074162D33C9420086080F /* NoiseState.swift in Sources */ = {isa = PBXBuildFile; fileRef = F6D073B82D33C9420086080F /* NoiseState.swift */; };
		F6D074172D33C9420086080F /* CPU.swift in Sources */ = {isa = PBXBuildFile; fileRef = F6D073CB2D33C9420086080F /* CPU.swift */; };
		F6D074182D33C9420086080F /* ControllerButton.swift in Sources */ = {isa = PBXBuildFile; fileRef = F6D073C42D33C9420086080F /* ControllerButton.swift */; };
		F6D0741A2D33C9420086080F /* Cartridge.swift in Sources */ = {isa = PBXBuildFile; fileRef = F6D073C02D33C9420086080F /* Cartridge.swift */; };
		F6D0741B2D33C9420086080F /* Mapper_TQROM.swift in Sources */ = {isa = PBXBuildFile; fileRef = F6D073DD2D33C9420086080F /* Mapper_TQROM.swift */; };
		F6D0741C2D33C9420086080F /* Mapper_MMC4.swift in Sources */ = {isa = PBXBuildFile; fileRef = F6D073D82D33C9420086080F /* Mapper_MMC4.swift */; };
		F6D0741D2D33C9420086080F /* Filter.swift in Sources */ = {isa = PBXBuildFile; fileRef = F6D073BE2D33C9420086080F /* Filter.swift */; };
		F6D0741E2D33C9420086080F /* SampleRate.swift in Sources */ = {isa = PBXBuildFile; fileRef = F6D073F32D33C9420086080F /* SampleRate.swift */; };
		F6D0741F2D33C9420086080F /* Settings.swift in Sources */ = {isa = PBXBuildFile; fileRef = F6D073F52D33C9420086080F /* Settings.swift */; };
		F6D074202D33C9420086080F /* APUState.swift in Sources */ = {isa = PBXBuildFile; fileRef = F6D073B62D33C9420086080F /* APUState.swift */; };
		F6D074212D33C9420086080F /* AudioEngineState.swift in Sources */ = {isa = PBXBuildFile; fileRef = F6D073BD2D33C9420086080F /* AudioEngineState.swift */; };
		F6D074222D33C9420086080F /* Mapper_GxROM.swift in Sources */ = {isa = PBXBuildFile; fileRef = F6D073D42D33C9420086080F /* Mapper_GxROM.swift */; };
		F6D074232D33C9420086080F /* MapperIdentifier.swift in Sources */ = {isa = PBXBuildFile; fileRef = F6D073E52D33C9420086080F /* MapperIdentifier.swift */; };
		F6D074242D33C9420086080F /* MapperState.swift in Sources */ = {isa = PBXBuildFile; fileRef = F6D073E72D33C9420086080F /* MapperState.swift */; };
		F6D074252D33C9420086080F /* Mapper_VRC2b_VRC4e_VRC4f.swift in Sources */ = {isa = PBXBuildFile; fileRef = F6D073E12D33C9420086080F /* Mapper_VRC2b_VRC4e_VRC4f.swift */; };
		F6D074262D33C9420086080F /* Mapper_NROM.swift in Sources */ = {isa = PBXBuildFile; fileRef = F6D073DB2D33C9420086080F /* Mapper_NROM.swift */; };
		F6D074272D33C9420086080F /* Mapper_NTDEC2722.swift in Sources */ = {isa = PBXBuildFile; fileRef = F6D073DC2D33C9420086080F /* Mapper_NTDEC2722.swift */; };
		F6D074282D33C9420086080F /* Mapper_CamericaQuattro.swift in Sources */ = {isa = PBXBuildFile; fileRef = F6D073D12D33C9420086080F /* Mapper_CamericaQuattro.swift */; };
		F6D074292D33C9420086080F /* Mapper_78.swift in Sources */ = {isa = PBXBuildFile; fileRef = F6D073CE2D33C9420086080F /* Mapper_78.swift */; };
		F6D0742A2D33C9420086080F /* PulseState.swift in Sources */ = {isa = PBXBuildFile; fileRef = F6D073B92D33C9420086080F /* PulseState.swift */; };
		F6D0742C2D33C9420086080F /* Mapper_MMC5.swift in Sources */ = {isa = PBXBuildFile; fileRef = F6D073D92D33C9420086080F /* Mapper_MMC5.swift */; };
		F6D0742D2D33C9420086080F /* PPUStepResults.swift in Sources */ = {isa = PBXBuildFile; fileRef = F6D073EC2D33C9420086080F /* PPUStepResults.swift */; };
		F6D074312D33FDE50086080F /* EmulatorState.swift in Sources */ = {isa = PBXBuildFile; fileRef = F6D074302D33FDE50086080F /* EmulatorState.swift */; };
		F6D074332D33FE320086080F /* Emulator.swift in Sources */ = {isa = PBXBuildFile; fileRef = F6D074322D33FE320086080F /* Emulator.swift */; };
		F6DC345A2D44107600E75525 /* DesignSystem.swift in Sources */ = {isa = PBXBuildFile; fileRef = F6DC34592D44107300E75525 /* DesignSystem.swift */; };
		F6E4E5222CABF330005D5165 /* ProfileViewModel.swift in Sources */ = {isa = PBXBuildFile; fileRef = F6E4E5212CABF327005D5165 /* ProfileViewModel.swift */; };
		F6E4E52B2CABF47A005D5165 /* EmulatorService.swift in Sources */ = {isa = PBXBuildFile; fileRef = F6E4E52A2CABF472005D5165 /* EmulatorService.swift */; };
		F6E4E52D2CABF496005D5165 /* AppService.swift in Sources */ = {isa = PBXBuildFile; fileRef = F6E4E52C2CABF47D005D5165 /* AppService.swift */; };
		F6E4E52F2CABF4BA005D5165 /* GamesService.swift in Sources */ = {isa = PBXBuildFile; fileRef = F6E4E52E2CABF4B7005D5165 /* GamesService.swift */; };
		F6E4E5332CABF4DC005D5165 /* SavesService.swift in Sources */ = {isa = PBXBuildFile; fileRef = F6E4E5322CABF4D9005D5165 /* SavesService.swift */; };
		F6E4E5372CABFBAD005D5165 /* SettingsViewModel.swift in Sources */ = {isa = PBXBuildFile; fileRef = F6E4E5362CABFBA7005D5165 /* SettingsViewModel.swift */; };
/* End PBXBuildFile section */

/* Begin PBXContainerItemProxy section */
		F668DDC92BFD1A94007A3B60 /* PBXContainerItemProxy */ = {
			isa = PBXContainerItemProxy;
			containerPortal = F668DDAD2BFD1A92007A3B60 /* Project object */;
			proxyType = 1;
			remoteGlobalIDString = F668DDB42BFD1A92007A3B60;
			remoteInfo = iES;
		};
		F668DDD32BFD1A94007A3B60 /* PBXContainerItemProxy */ = {
			isa = PBXContainerItemProxy;
			containerPortal = F668DDAD2BFD1A92007A3B60 /* Project object */;
			proxyType = 1;
			remoteGlobalIDString = F668DDB42BFD1A92007A3B60;
			remoteInfo = iES;
		};
/* End PBXContainerItemProxy section */

/* Begin PBXFileReference section */
		F6026E672DA1091B0053560D /* ProfileService.swift */ = {isa = PBXFileReference; lastKnownFileType = sourcecode.swift; path = ProfileService.swift; sourceTree = "<group>"; };
		F6026E6C2DA1289D0053560D /* YandexAuthViewController.swift */ = {isa = PBXFileReference; lastKnownFileType = sourcecode.swift; path = YandexAuthViewController.swift; sourceTree = "<group>"; };
		F6026E6E2DA1293D0053560D /* YandexAuthView.swift */ = {isa = PBXFileReference; lastKnownFileType = sourcecode.swift; path = YandexAuthView.swift; sourceTree = "<group>"; };
		F6026E702DA132040053560D /* YandexDiskService.swift */ = {isa = PBXFileReference; lastKnownFileType = sourcecode.swift; path = YandexDiskService.swift; sourceTree = "<group>"; };
		F6026E722DA13D4D0053560D /* CloudService.swift */ = {isa = PBXFileReference; lastKnownFileType = sourcecode.swift; path = CloudService.swift; sourceTree = "<group>"; };
		F6026E742DA13E420053560D /* CloudServiceConverter.swift */ = {isa = PBXFileReference; lastKnownFileType = sourcecode.swift; path = CloudServiceConverter.swift; sourceTree = "<group>"; };
		F6026E7A2DA1498B0053560D /* GoogleDriveService.swift */ = {isa = PBXFileReference; lastKnownFileType = sourcecode.swift; path = GoogleDriveService.swift; sourceTree = "<group>"; };
		F6026E7C2DA32F2E0053560D /* KeychainManager.swift */ = {isa = PBXFileReference; lastKnownFileType = sourcecode.swift; path = KeychainManager.swift; sourceTree = "<group>"; };
		F6026E7E2DA3F06E0053560D /* SwiftDataManager.swift */ = {isa = PBXFileReference; lastKnownFileType = sourcecode.swift; path = SwiftDataManager.swift; sourceTree = "<group>"; };
		F608103B2D3194E8007AB5C2 /* NesRomViewController.swift */ = {isa = PBXFileReference; lastKnownFileType = sourcecode.swift; path = NesRomViewController.swift; sourceTree = "<group>"; };
		F608103F2D3195E1007AB5C2 /* NESScreenView.swift */ = {isa = PBXFileReference; lastKnownFileType = sourcecode.swift; path = NESScreenView.swift; sourceTree = "<group>"; };
		F60811CE2D32529F007AB5C2 /* Collection+SafeIndex.swift */ = {isa = PBXFileReference; lastKnownFileType = sourcecode.swift; path = "Collection+SafeIndex.swift"; sourceTree = "<group>"; };
		F60811CF2D32529F007AB5C2 /* Data+MD5.swift */ = {isa = PBXFileReference; lastKnownFileType = sourcecode.swift; path = "Data+MD5.swift"; sourceTree = "<group>"; };
		F60811D02D32529F007AB5C2 /* Data+ValueConversion.swift */ = {isa = PBXFileReference; lastKnownFileType = sourcecode.swift; path = "Data+ValueConversion.swift"; sourceTree = "<group>"; };
		F60811D22D32529F007AB5C2 /* UInt8+ByteUtils.swift */ = {isa = PBXFileReference; lastKnownFileType = sourcecode.swift; path = "UInt8+ByteUtils.swift"; sourceTree = "<group>"; };
		F60BCC5D2CB928B600A409B3 /* SettingsView.swift */ = {isa = PBXFileReference; lastKnownFileType = sourcecode.swift; path = SettingsView.swift; sourceTree = "<group>"; };
		F612F9BC2D666EA20044284D /* MetalFX.framework */ = {isa = PBXFileReference; lastKnownFileType = wrapper.framework; name = MetalFX.framework; path = Platforms/iPhoneOS.platform/Developer/SDKs/iPhoneOS18.0.sdk/System/Library/Frameworks/MetalFX.framework; sourceTree = DEVELOPER_DIR; };
		F612F9BE2D666EAF0044284D /* MetalKit.framework */ = {isa = PBXFileReference; lastKnownFileType = wrapper.framework; name = MetalKit.framework; path = Platforms/iPhoneOS.platform/Developer/SDKs/iPhoneOS18.0.sdk/System/Library/Frameworks/MetalKit.framework; sourceTree = DEVELOPER_DIR; };
		F612F9C02D666EB50044284D /* ModelIO.framework */ = {isa = PBXFileReference; lastKnownFileType = wrapper.framework; name = ModelIO.framework; path = Platforms/iPhoneOS.platform/Developer/SDKs/iPhoneOS18.0.sdk/System/Library/Frameworks/ModelIO.framework; sourceTree = DEVELOPER_DIR; };
		F612F9DE2D66883F0044284D /* Shader.metal */ = {isa = PBXFileReference; lastKnownFileType = sourcecode.metal; path = Shader.metal; sourceTree = "<group>"; };
		F61501E62C440C43003B7574 /* HomeView.swift */ = {isa = PBXFileReference; lastKnownFileType = sourcecode.swift; path = HomeView.swift; sourceTree = "<group>"; };
		F61501EC2C440FC6003B7574 /* LibraryView.swift */ = {isa = PBXFileReference; lastKnownFileType = sourcecode.swift; path = LibraryView.swift; sourceTree = "<group>"; };
		F61501F92C441076003B7574 /* ProfileView.swift */ = {isa = PBXFileReference; lastKnownFileType = sourcecode.swift; path = ProfileView.swift; sourceTree = "<group>"; };
		F6191F1D2D6F274F008CEF57 /* Info.plist */ = {isa = PBXFileReference; lastKnownFileType = text.plist.xml; path = Info.plist; sourceTree = "<group>"; };
		F6191F202D6F3E50008CEF57 /* Localizable.xcstrings */ = {isa = PBXFileReference; lastKnownFileType = text.json.xcstrings; path = Localizable.xcstrings; sourceTree = "<group>"; };
		F6191F222D6F3F68008CEF57 /* Localization.swift */ = {isa = PBXFileReference; lastKnownFileType = sourcecode.swift; path = Localization.swift; sourceTree = "<group>"; };
		F61A1CD32D53E351002BE8AB /* LoadingAnimation.swift */ = {isa = PBXFileReference; lastKnownFileType = sourcecode.swift; path = LoadingAnimation.swift; sourceTree = "<group>"; };
		F61A1CD72D548199002BE8AB /* FlipView.swift */ = {isa = PBXFileReference; lastKnownFileType = sourcecode.swift; path = FlipView.swift; sourceTree = "<group>"; };
		F6228A052C14EC570042F578 /* CPUTests.swift */ = {isa = PBXFileReference; lastKnownFileType = sourcecode.swift; path = CPUTests.swift; sourceTree = "<group>"; };
		F63D81C52D32AC980087107D /* Image+ImageDataInit.swift */ = {isa = PBXFileReference; lastKnownFileType = sourcecode.swift; path = "Image+ImageDataInit.swift"; sourceTree = "<group>"; };
		F6498A4E2C5E3BD0006D371C /* LibraryItemView.swift */ = {isa = PBXFileReference; lastKnownFileType = sourcecode.swift; path = LibraryItemView.swift; sourceTree = "<group>"; };
		F6498A502C5E46C4006D371C /* LibraryViewModel.swift */ = {isa = PBXFileReference; lastKnownFileType = sourcecode.swift; path = LibraryViewModel.swift; sourceTree = "<group>"; };
		F6498A522C5E46E0006D371C /* LibraryItemModel.swift */ = {isa = PBXFileReference; lastKnownFileType = sourcecode.swift; path = LibraryItemModel.swift; sourceTree = "<group>"; };
		F6498A542C5E5C51006D371C /* AddGameView.swift */ = {isa = PBXFileReference; lastKnownFileType = sourcecode.swift; path = AddGameView.swift; sourceTree = "<group>"; };
		F668DDB52BFD1A92007A3B60 /* iES.app */ = {isa = PBXFileReference; explicitFileType = wrapper.application; includeInIndex = 0; path = iES.app; sourceTree = BUILT_PRODUCTS_DIR; };
		F668DDB82BFD1A92007A3B60 /* iESApp.swift */ = {isa = PBXFileReference; lastKnownFileType = sourcecode.swift; path = iESApp.swift; sourceTree = "<group>"; };
		F668DDBE2BFD1A94007A3B60 /* Assets.xcassets */ = {isa = PBXFileReference; lastKnownFileType = folder.assetcatalog; path = Assets.xcassets; sourceTree = "<group>"; };
		F668DDC02BFD1A94007A3B60 /* iES.entitlements */ = {isa = PBXFileReference; lastKnownFileType = text.plist.entitlements; path = iES.entitlements; sourceTree = "<group>"; };
		F668DDC22BFD1A94007A3B60 /* Preview Assets.xcassets */ = {isa = PBXFileReference; lastKnownFileType = folder.assetcatalog; path = "Preview Assets.xcassets"; sourceTree = "<group>"; };
		F668DDC82BFD1A94007A3B60 /* iESTests.xctest */ = {isa = PBXFileReference; explicitFileType = wrapper.cfbundle; includeInIndex = 0; path = iESTests.xctest; sourceTree = BUILT_PRODUCTS_DIR; };
		F668DDD22BFD1A94007A3B60 /* iESUITests.xctest */ = {isa = PBXFileReference; explicitFileType = wrapper.cfbundle; includeInIndex = 0; path = iESUITests.xctest; sourceTree = BUILT_PRODUCTS_DIR; };
		F668DDD62BFD1A94007A3B60 /* iESUITests.swift */ = {isa = PBXFileReference; lastKnownFileType = sourcecode.swift; path = iESUITests.swift; sourceTree = "<group>"; };
		F668DDD82BFD1A94007A3B60 /* iESUITestsLaunchTests.swift */ = {isa = PBXFileReference; lastKnownFileType = sourcecode.swift; path = iESUITestsLaunchTests.swift; sourceTree = "<group>"; };
		F6701BA92C824F3D00E5C7B1 /* LibraryItemDetailView.swift */ = {isa = PBXFileReference; lastKnownFileType = sourcecode.swift; path = LibraryItemDetailView.swift; sourceTree = "<group>"; };
		F688E4AE2C5DDB1A00055CD0 /* HomeViewIcon.swift */ = {isa = PBXFileReference; lastKnownFileType = sourcecode.swift; path = HomeViewIcon.swift; sourceTree = "<group>"; };
		F6AE93062D97114000ED6722 /* ProfileModel.swift */ = {isa = PBXFileReference; lastKnownFileType = sourcecode.swift; path = ProfileModel.swift; sourceTree = "<group>"; };
		F6B03BA82CB92CF000B2D3BA /* SettingsConstants.swift */ = {isa = PBXFileReference; lastKnownFileType = sourcecode.swift; path = SettingsConstants.swift; sourceTree = "<group>"; };
		F6B85B042CEA47170033027E /* ConsoleView.swift */ = {isa = PBXFileReference; lastKnownFileType = sourcecode.swift; path = ConsoleView.swift; sourceTree = "<group>"; };
		F6D073B22D32CDCF0086080F /* UIWindow+Current.swift */ = {isa = PBXFileReference; lastKnownFileType = sourcecode.swift; path = "UIWindow+Current.swift"; sourceTree = "<group>"; };
		F6D073B62D33C9420086080F /* APUState.swift */ = {isa = PBXFileReference; lastKnownFileType = sourcecode.swift; path = APUState.swift; sourceTree = "<group>"; };
		F6D073B72D33C9420086080F /* DMCState.swift */ = {isa = PBXFileReference; lastKnownFileType = sourcecode.swift; path = DMCState.swift; sourceTree = "<group>"; };
		F6D073B82D33C9420086080F /* NoiseState.swift */ = {isa = PBXFileReference; lastKnownFileType = sourcecode.swift; path = NoiseState.swift; sourceTree = "<group>"; };
		F6D073B92D33C9420086080F /* PulseState.swift */ = {isa = PBXFileReference; lastKnownFileType = sourcecode.swift; path = PulseState.swift; sourceTree = "<group>"; };
		F6D073BA2D33C9420086080F /* TriangleState.swift */ = {isa = PBXFileReference; lastKnownFileType = sourcecode.swift; path = TriangleState.swift; sourceTree = "<group>"; };
		F6D073BC2D33C9420086080F /* APU.swift */ = {isa = PBXFileReference; lastKnownFileType = sourcecode.swift; path = APU.swift; sourceTree = "<group>"; };
		F6D073BD2D33C9420086080F /* AudioEngineState.swift */ = {isa = PBXFileReference; lastKnownFileType = sourcecode.swift; path = AudioEngineState.swift; sourceTree = "<group>"; };
		F6D073BE2D33C9420086080F /* Filter.swift */ = {isa = PBXFileReference; lastKnownFileType = sourcecode.swift; path = Filter.swift; sourceTree = "<group>"; };
		F6D073C02D33C9420086080F /* Cartridge.swift */ = {isa = PBXFileReference; lastKnownFileType = sourcecode.swift; path = Cartridge.swift; sourceTree = "<group>"; };
		F6D073C12D33C9420086080F /* RomHeader.swift */ = {isa = PBXFileReference; lastKnownFileType = sourcecode.swift; path = RomHeader.swift; sourceTree = "<group>"; };
		F6D073C32D33C9420086080F /* Controller.swift */ = {isa = PBXFileReference; lastKnownFileType = sourcecode.swift; path = Controller.swift; sourceTree = "<group>"; };
		F6D073C42D33C9420086080F /* ControllerButton.swift */ = {isa = PBXFileReference; lastKnownFileType = sourcecode.swift; path = ControllerButton.swift; sourceTree = "<group>"; };
		F6D073C62D33C9420086080F /* CPUState.swift */ = {isa = PBXFileReference; lastKnownFileType = sourcecode.swift; path = CPUState.swift; sourceTree = "<group>"; };
		F6D073C72D33C9420086080F /* InstructionData.swift */ = {isa = PBXFileReference; lastKnownFileType = sourcecode.swift; path = InstructionData.swift; sourceTree = "<group>"; };
		F6D073C82D33C9420086080F /* StepData.swift */ = {isa = PBXFileReference; lastKnownFileType = sourcecode.swift; path = StepData.swift; sourceTree = "<group>"; };
		F6D073CA2D33C9420086080F /* AddressingMode.swift */ = {isa = PBXFileReference; lastKnownFileType = sourcecode.swift; path = AddressingMode.swift; sourceTree = "<group>"; };
		F6D073CB2D33C9420086080F /* CPU.swift */ = {isa = PBXFileReference; lastKnownFileType = sourcecode.swift; path = CPU.swift; sourceTree = "<group>"; };
		F6D073CC2D33C9420086080F /* Interrupt.swift */ = {isa = PBXFileReference; lastKnownFileType = sourcecode.swift; path = Interrupt.swift; sourceTree = "<group>"; };
		F6D073CE2D33C9420086080F /* Mapper_78.swift */ = {isa = PBXFileReference; lastKnownFileType = sourcecode.swift; path = Mapper_78.swift; sourceTree = "<group>"; };
		F6D073CF2D33C9420086080F /* Mapper_87.swift */ = {isa = PBXFileReference; lastKnownFileType = sourcecode.swift; path = Mapper_87.swift; sourceTree = "<group>"; };
		F6D073D02D33C9420086080F /* Mapper_AxROM.swift */ = {isa = PBXFileReference; lastKnownFileType = sourcecode.swift; path = Mapper_AxROM.swift; sourceTree = "<group>"; };
		F6D073D12D33C9420086080F /* Mapper_CamericaQuattro.swift */ = {isa = PBXFileReference; lastKnownFileType = sourcecode.swift; path = Mapper_CamericaQuattro.swift; sourceTree = "<group>"; };
		F6D073D22D33C9420086080F /* Mapper_CNROM.swift */ = {isa = PBXFileReference; lastKnownFileType = sourcecode.swift; path = Mapper_CNROM.swift; sourceTree = "<group>"; };
		F6D073D32D33C9420086080F /* Mapper_ColorDreams.swift */ = {isa = PBXFileReference; lastKnownFileType = sourcecode.swift; path = Mapper_ColorDreams.swift; sourceTree = "<group>"; };
		F6D073D42D33C9420086080F /* Mapper_GxROM.swift */ = {isa = PBXFileReference; lastKnownFileType = sourcecode.swift; path = Mapper_GxROM.swift; sourceTree = "<group>"; };
		F6D073D52D33C9420086080F /* Mapper_MMC1.swift */ = {isa = PBXFileReference; lastKnownFileType = sourcecode.swift; path = Mapper_MMC1.swift; sourceTree = "<group>"; };
		F6D073D62D33C9420086080F /* Mapper_MMC2.swift */ = {isa = PBXFileReference; lastKnownFileType = sourcecode.swift; path = Mapper_MMC2.swift; sourceTree = "<group>"; };
		F6D073D72D33C9420086080F /* Mapper_MMC3.swift */ = {isa = PBXFileReference; lastKnownFileType = sourcecode.swift; path = Mapper_MMC3.swift; sourceTree = "<group>"; };
		F6D073D82D33C9420086080F /* Mapper_MMC4.swift */ = {isa = PBXFileReference; lastKnownFileType = sourcecode.swift; path = Mapper_MMC4.swift; sourceTree = "<group>"; };
		F6D073D92D33C9420086080F /* Mapper_MMC5.swift */ = {isa = PBXFileReference; lastKnownFileType = sourcecode.swift; path = Mapper_MMC5.swift; sourceTree = "<group>"; };
		F6D073DA2D33C9420086080F /* Mapper_Namcot118_TengenMimic1.swift */ = {isa = PBXFileReference; lastKnownFileType = sourcecode.swift; path = Mapper_Namcot118_TengenMimic1.swift; sourceTree = "<group>"; };
		F6D073DB2D33C9420086080F /* Mapper_NROM.swift */ = {isa = PBXFileReference; lastKnownFileType = sourcecode.swift; path = Mapper_NROM.swift; sourceTree = "<group>"; };
		F6D073DC2D33C9420086080F /* Mapper_NTDEC2722.swift */ = {isa = PBXFileReference; lastKnownFileType = sourcecode.swift; path = Mapper_NTDEC2722.swift; sourceTree = "<group>"; };
		F6D073DD2D33C9420086080F /* Mapper_TQROM.swift */ = {isa = PBXFileReference; lastKnownFileType = sourcecode.swift; path = Mapper_TQROM.swift; sourceTree = "<group>"; };
		F6D073DE2D33C9420086080F /* Mapper_TxSROM.swift */ = {isa = PBXFileReference; lastKnownFileType = sourcecode.swift; path = Mapper_TxSROM.swift; sourceTree = "<group>"; };
		F6D073DF2D33C9420086080F /* Mapper_UNROM.swift */ = {isa = PBXFileReference; lastKnownFileType = sourcecode.swift; path = Mapper_UNROM.swift; sourceTree = "<group>"; };
		F6D073E02D33C9420086080F /* Mapper_UnsupportedPlaceholder.swift */ = {isa = PBXFileReference; lastKnownFileType = sourcecode.swift; path = Mapper_UnsupportedPlaceholder.swift; sourceTree = "<group>"; };
		F6D073E12D33C9420086080F /* Mapper_VRC2b_VRC4e_VRC4f.swift */ = {isa = PBXFileReference; lastKnownFileType = sourcecode.swift; path = Mapper_VRC2b_VRC4e_VRC4f.swift; sourceTree = "<group>"; };
		F6D073E22D33C9420086080F /* Mapper_VRC2c_VRC4b_VRC4d.swift */ = {isa = PBXFileReference; lastKnownFileType = sourcecode.swift; path = Mapper_VRC2c_VRC4b_VRC4d.swift; sourceTree = "<group>"; };
		F6D073E32D33C9420086080F /* Mapper_VRC7.swift */ = {isa = PBXFileReference; lastKnownFileType = sourcecode.swift; path = Mapper_VRC7.swift; sourceTree = "<group>"; };
		F6D073E52D33C9420086080F /* MapperIdentifier.swift */ = {isa = PBXFileReference; lastKnownFileType = sourcecode.swift; path = MapperIdentifier.swift; sourceTree = "<group>"; };
		F6D073E62D33C9420086080F /* MapperProtocol.swift */ = {isa = PBXFileReference; lastKnownFileType = sourcecode.swift; path = MapperProtocol.swift; sourceTree = "<group>"; };
		F6D073E72D33C9420086080F /* MapperState.swift */ = {isa = PBXFileReference; lastKnownFileType = sourcecode.swift; path = MapperState.swift; sourceTree = "<group>"; };
		F6D073E82D33C9420086080F /* MirroringMode.swift */ = {isa = PBXFileReference; lastKnownFileType = sourcecode.swift; path = MirroringMode.swift; sourceTree = "<group>"; };
		F6D073EA2D33C9420086080F /* PPU.swift */ = {isa = PBXFileReference; lastKnownFileType = sourcecode.swift; path = PPU.swift; sourceTree = "<group>"; };
		F6D073EB2D33C9420086080F /* PPUState.swift */ = {isa = PBXFileReference; lastKnownFileType = sourcecode.swift; path = PPUState.swift; sourceTree = "<group>"; };
		F6D073EC2D33C9420086080F /* PPUStepResults.swift */ = {isa = PBXFileReference; lastKnownFileType = sourcecode.swift; path = PPUStepResults.swift; sourceTree = "<group>"; };
		F6D073F32D33C9420086080F /* SampleRate.swift */ = {isa = PBXFileReference; lastKnownFileType = sourcecode.swift; path = SampleRate.swift; sourceTree = "<group>"; };
		F6D073F42D33C9420086080F /* Scanlines.swift */ = {isa = PBXFileReference; lastKnownFileType = sourcecode.swift; path = Scanlines.swift; sourceTree = "<group>"; };
		F6D073F52D33C9420086080F /* Settings.swift */ = {isa = PBXFileReference; lastKnownFileType = sourcecode.swift; path = Settings.swift; sourceTree = "<group>"; };
		F6D074302D33FDE50086080F /* EmulatorState.swift */ = {isa = PBXFileReference; lastKnownFileType = sourcecode.swift; path = EmulatorState.swift; sourceTree = "<group>"; };
		F6D074322D33FE320086080F /* Emulator.swift */ = {isa = PBXFileReference; lastKnownFileType = sourcecode.swift; path = Emulator.swift; sourceTree = "<group>"; };
		F6DC34592D44107300E75525 /* DesignSystem.swift */ = {isa = PBXFileReference; lastKnownFileType = sourcecode.swift; path = DesignSystem.swift; sourceTree = "<group>"; };
		F6E4E5212CABF327005D5165 /* ProfileViewModel.swift */ = {isa = PBXFileReference; lastKnownFileType = sourcecode.swift; path = ProfileViewModel.swift; sourceTree = "<group>"; };
		F6E4E52A2CABF472005D5165 /* EmulatorService.swift */ = {isa = PBXFileReference; lastKnownFileType = sourcecode.swift; path = EmulatorService.swift; sourceTree = "<group>"; };
		F6E4E52C2CABF47D005D5165 /* AppService.swift */ = {isa = PBXFileReference; lastKnownFileType = sourcecode.swift; path = AppService.swift; sourceTree = "<group>"; };
		F6E4E52E2CABF4B7005D5165 /* GamesService.swift */ = {isa = PBXFileReference; lastKnownFileType = sourcecode.swift; path = GamesService.swift; sourceTree = "<group>"; };
		F6E4E5322CABF4D9005D5165 /* SavesService.swift */ = {isa = PBXFileReference; lastKnownFileType = sourcecode.swift; path = SavesService.swift; sourceTree = "<group>"; };
		F6E4E5362CABFBA7005D5165 /* SettingsViewModel.swift */ = {isa = PBXFileReference; lastKnownFileType = sourcecode.swift; path = SettingsViewModel.swift; sourceTree = "<group>"; };
/* End PBXFileReference section */

/* Begin PBXFrameworksBuildPhase section */
		F668DDB22BFD1A92007A3B60 /* Frameworks */ = {
			isa = PBXFrameworksBuildPhase;
			buildActionMask = 2147483647;
			files = (
				F63A11EA2D6F966200E091B6 /* MetalFX.framework in Frameworks */,
				F612F9C12D666EB50044284D /* ModelIO.framework in Frameworks */,
				F612F9BF2D666EAF0044284D /* MetalKit.framework in Frameworks */,
				F6026E782DA149730053560D /* GoogleDriveClient in Frameworks */,
			);
			runOnlyForDeploymentPostprocessing = 0;
		};
		F668DDC52BFD1A94007A3B60 /* Frameworks */ = {
			isa = PBXFrameworksBuildPhase;
			buildActionMask = 2147483647;
			files = (
			);
			runOnlyForDeploymentPostprocessing = 0;
		};
		F668DDCF2BFD1A94007A3B60 /* Frameworks */ = {
			isa = PBXFrameworksBuildPhase;
			buildActionMask = 2147483647;
			files = (
			);
			runOnlyForDeploymentPostprocessing = 0;
		};
/* End PBXFrameworksBuildPhase section */

/* Begin PBXGroup section */
		F6026E6B2DA128970053560D /* YandexDiskService */ = {
			isa = PBXGroup;
			children = (
				F6026E6C2DA1289D0053560D /* YandexAuthViewController.swift */,
				F6026E6E2DA1293D0053560D /* YandexAuthView.swift */,
				F6026E702DA132040053560D /* YandexDiskService.swift */,
			);
			path = YandexDiskService;
			sourceTree = "<group>";
		};
		F6026E792DA1497C0053560D /* GoogleDriveService */ = {
			isa = PBXGroup;
			children = (
				F6026E7A2DA1498B0053560D /* GoogleDriveService.swift */,
			);
			path = GoogleDriveService;
			sourceTree = "<group>";
		};
		F60811D42D32529F007AB5C2 /* Extensions */ = {
			isa = PBXGroup;
			children = (
				F6D073B22D32CDCF0086080F /* UIWindow+Current.swift */,
				F63D81C52D32AC980087107D /* Image+ImageDataInit.swift */,
				F60811CE2D32529F007AB5C2 /* Collection+SafeIndex.swift */,
				F60811CF2D32529F007AB5C2 /* Data+MD5.swift */,
				F60811D02D32529F007AB5C2 /* Data+ValueConversion.swift */,
				F60811D22D32529F007AB5C2 /* UInt8+ByteUtils.swift */,
			);
			path = Extensions;
			sourceTree = "<group>";
		};
		F60BCC5C2CB928AC00A409B3 /* Views */ = {
			isa = PBXGroup;
			children = (
				F60BCC5D2CB928B600A409B3 /* SettingsView.swift */,
			);
			path = Views;
			sourceTree = "<group>";
		};
		F612F9BB2D666EA20044284D /* Frameworks */ = {
			isa = PBXGroup;
			children = (
				F612F9C02D666EB50044284D /* ModelIO.framework */,
				F612F9BE2D666EAF0044284D /* MetalKit.framework */,
				F612F9BC2D666EA20044284D /* MetalFX.framework */,
			);
			name = Frameworks;
			sourceTree = "<group>";
		};
		F61501E22C440C27003B7574 /* Home */ = {
			isa = PBXGroup;
			children = (
				F61501E52C440C3A003B7574 /* Views */,
			);
			path = Home;
			sourceTree = "<group>";
		};
		F61501E52C440C3A003B7574 /* Views */ = {
			isa = PBXGroup;
			children = (
				F61501E62C440C43003B7574 /* HomeView.swift */,
				F688E4AE2C5DDB1A00055CD0 /* HomeViewIcon.swift */,
			);
			path = Views;
			sourceTree = "<group>";
		};
		F61501E82C440F95003B7574 /* Library */ = {
			isa = PBXGroup;
			children = (
				F61501EB2C440FB0003B7574 /* Views */,
				F61501EA2C440FA9003B7574 /* ViewModels */,
				F61501E92C440FA5003B7574 /* Models */,
			);
			path = Library;
			sourceTree = "<group>";
		};
		F61501E92C440FA5003B7574 /* Models */ = {
			isa = PBXGroup;
			children = (
				F6498A522C5E46E0006D371C /* LibraryItemModel.swift */,
			);
			path = Models;
			sourceTree = "<group>";
		};
		F61501EA2C440FA9003B7574 /* ViewModels */ = {
			isa = PBXGroup;
			children = (
				F6498A502C5E46C4006D371C /* LibraryViewModel.swift */,
			);
			path = ViewModels;
			sourceTree = "<group>";
		};
		F61501EB2C440FB0003B7574 /* Views */ = {
			isa = PBXGroup;
			children = (
				F61501EC2C440FC6003B7574 /* LibraryView.swift */,
				F6498A4E2C5E3BD0006D371C /* LibraryItemView.swift */,
				F6701BA92C824F3D00E5C7B1 /* LibraryItemDetailView.swift */,
				F6498A542C5E5C51006D371C /* AddGameView.swift */,
				F61A1CD72D548199002BE8AB /* FlipView.swift */,
			);
			path = Views;
			sourceTree = "<group>";
		};
		F61501EF2C441030003B7574 /* Profile */ = {
			isa = PBXGroup;
			children = (
				F61501F52C44104C003B7574 /* Views */,
				F61501F42C441046003B7574 /* ViewModels */,
				F61501F32C441042003B7574 /* Models */,
			);
			path = Profile;
			sourceTree = "<group>";
		};
		F61501F32C441042003B7574 /* Models */ = {
			isa = PBXGroup;
			children = (
				F6AE93062D97114000ED6722 /* ProfileModel.swift */,
			);
			path = Models;
			sourceTree = "<group>";
		};
		F61501F42C441046003B7574 /* ViewModels */ = {
			isa = PBXGroup;
			children = (
				F6E4E5212CABF327005D5165 /* ProfileViewModel.swift */,
			);
			path = ViewModels;
			sourceTree = "<group>";
		};
		F61501F52C44104C003B7574 /* Views */ = {
			isa = PBXGroup;
			children = (
				F61501F92C441076003B7574 /* ProfileView.swift */,
			);
			path = Views;
			sourceTree = "<group>";
		};
		F6191F1E2D6F3E3A008CEF57 /* Localization */ = {
			isa = PBXGroup;
			children = (
				F6191F202D6F3E50008CEF57 /* Localizable.xcstrings */,
				F6191F222D6F3F68008CEF57 /* Localization.swift */,
			);
			path = Localization;
			sourceTree = "<group>";
		};
		F61A1CD22D53E34A002BE8AB /* Animations */ = {
			isa = PBXGroup;
			children = (
				F61A1CD32D53E351002BE8AB /* LoadingAnimation.swift */,
			);
			path = Animations;
			sourceTree = "<group>";
		};
		F65308602C0B0729009C886C /* Modules */ = {
			isa = PBXGroup;
			children = (
				F61A1CD22D53E34A002BE8AB /* Animations */,
				F6B85AFE2CEA46380033027E /* Game */,
				F61501E22C440C27003B7574 /* Home */,
				F61501E82C440F95003B7574 /* Library */,
				F61501EF2C441030003B7574 /* Profile */,
				F6E4E51E2CABF2FB005D5165 /* Settings */,
				F6D073F62D33C9420086080F /* Emulator */,
			);
			path = Modules;
			sourceTree = "<group>";
		};
		F668DDAC2BFD1A92007A3B60 = {
			isa = PBXGroup;
			children = (
				F668DDB72BFD1A92007A3B60 /* iES */,
				F668DDCB2BFD1A94007A3B60 /* iESTests */,
				F668DDD52BFD1A94007A3B60 /* iESUITests */,
				F612F9BB2D666EA20044284D /* Frameworks */,
				F668DDB62BFD1A92007A3B60 /* Products */,
			);
			sourceTree = "<group>";
		};
		F668DDB62BFD1A92007A3B60 /* Products */ = {
			isa = PBXGroup;
			children = (
				F668DDB52BFD1A92007A3B60 /* iES.app */,
				F668DDC82BFD1A94007A3B60 /* iESTests.xctest */,
				F668DDD22BFD1A94007A3B60 /* iESUITests.xctest */,
			);
			name = Products;
			sourceTree = "<group>";
		};
		F668DDB72BFD1A92007A3B60 /* iES */ = {
			isa = PBXGroup;
			children = (
				F65308602C0B0729009C886C /* Modules */,
				F6E4E5272CABF3D9005D5165 /* Services */,
				F60811D42D32529F007AB5C2 /* Extensions */,
				F6DC34582D44106500E75525 /* Resources */,
				F668DDB82BFD1A92007A3B60 /* iESApp.swift */,
				F668DDBE2BFD1A94007A3B60 /* Assets.xcassets */,
				F668DDC02BFD1A94007A3B60 /* iES.entitlements */,
				F6191F1D2D6F274F008CEF57 /* Info.plist */,
				F668DDC12BFD1A94007A3B60 /* Preview Content */,
			);
			path = iES;
			sourceTree = "<group>";
		};
		F668DDC12BFD1A94007A3B60 /* Preview Content */ = {
			isa = PBXGroup;
			children = (
				F668DDC22BFD1A94007A3B60 /* Preview Assets.xcassets */,
			);
			path = "Preview Content";
			sourceTree = "<group>";
		};
		F668DDCB2BFD1A94007A3B60 /* iESTests */ = {
			isa = PBXGroup;
			children = (
				F6228A052C14EC570042F578 /* CPUTests.swift */,
			);
			path = iESTests;
			sourceTree = "<group>";
		};
		F668DDD52BFD1A94007A3B60 /* iESUITests */ = {
			isa = PBXGroup;
			children = (
				F668DDD62BFD1A94007A3B60 /* iESUITests.swift */,
				F668DDD82BFD1A94007A3B60 /* iESUITestsLaunchTests.swift */,
			);
			path = iESUITests;
			sourceTree = "<group>";
		};
		F6B03BA72CB92CD800B2D3BA /* Resources */ = {
			isa = PBXGroup;
			children = (
				F6B03BA82CB92CF000B2D3BA /* SettingsConstants.swift */,
			);
			path = Resources;
			sourceTree = "<group>";
		};
		F6B85AFE2CEA46380033027E /* Game */ = {
			isa = PBXGroup;
			children = (
				F612F9DE2D66883F0044284D /* Shader.metal */,
				F6B85B012CEA464F0033027E /* Views */,
			);
			path = Game;
			sourceTree = "<group>";
		};
		F6B85B012CEA464F0033027E /* Views */ = {
			isa = PBXGroup;
			children = (
				F608103F2D3195E1007AB5C2 /* NESScreenView.swift */,
				F608103B2D3194E8007AB5C2 /* NesRomViewController.swift */,
				F6B85B042CEA47170033027E /* ConsoleView.swift */,
			);
			path = Views;
			sourceTree = "<group>";
		};
		F6D073BB2D33C9420086080F /* Models */ = {
			isa = PBXGroup;
			children = (
				F6D073B62D33C9420086080F /* APUState.swift */,
				F6D073B72D33C9420086080F /* DMCState.swift */,
				F6D073B82D33C9420086080F /* NoiseState.swift */,
				F6D073B92D33C9420086080F /* PulseState.swift */,
				F6D073BA2D33C9420086080F /* TriangleState.swift */,
			);
			path = Models;
			sourceTree = "<group>";
		};
		F6D073BF2D33C9420086080F /* APU */ = {
			isa = PBXGroup;
			children = (
				F6D073BB2D33C9420086080F /* Models */,
				F6D073BC2D33C9420086080F /* APU.swift */,
				F6D073BD2D33C9420086080F /* AudioEngineState.swift */,
				F6D073BE2D33C9420086080F /* Filter.swift */,
			);
			path = APU;
			sourceTree = "<group>";
		};
		F6D073C22D33C9420086080F /* Cartridge */ = {
			isa = PBXGroup;
			children = (
				F6D073C02D33C9420086080F /* Cartridge.swift */,
				F6D073C12D33C9420086080F /* RomHeader.swift */,
			);
			path = Cartridge;
			sourceTree = "<group>";
		};
		F6D073C52D33C9420086080F /* Controller */ = {
			isa = PBXGroup;
			children = (
				F6D073C32D33C9420086080F /* Controller.swift */,
				F6D073C42D33C9420086080F /* ControllerButton.swift */,
			);
			path = Controller;
			sourceTree = "<group>";
		};
		F6D073C92D33C9420086080F /* Models */ = {
			isa = PBXGroup;
			children = (
				F6D073C62D33C9420086080F /* CPUState.swift */,
				F6D073C72D33C9420086080F /* InstructionData.swift */,
				F6D073C82D33C9420086080F /* StepData.swift */,
			);
			path = Models;
			sourceTree = "<group>";
		};
		F6D073CD2D33C9420086080F /* CPU */ = {
			isa = PBXGroup;
			children = (
				F6D073C92D33C9420086080F /* Models */,
				F6D073CA2D33C9420086080F /* AddressingMode.swift */,
				F6D073CB2D33C9420086080F /* CPU.swift */,
				F6D073CC2D33C9420086080F /* Interrupt.swift */,
			);
			path = CPU;
			sourceTree = "<group>";
		};
		F6D073E42D33C9420086080F /* Mappers */ = {
			isa = PBXGroup;
			children = (
				F6D073CE2D33C9420086080F /* Mapper_78.swift */,
				F6D073CF2D33C9420086080F /* Mapper_87.swift */,
				F6D073D02D33C9420086080F /* Mapper_AxROM.swift */,
				F6D073D12D33C9420086080F /* Mapper_CamericaQuattro.swift */,
				F6D073D22D33C9420086080F /* Mapper_CNROM.swift */,
				F6D073D32D33C9420086080F /* Mapper_ColorDreams.swift */,
				F6D073D42D33C9420086080F /* Mapper_GxROM.swift */,
				F6D073D52D33C9420086080F /* Mapper_MMC1.swift */,
				F6D073D62D33C9420086080F /* Mapper_MMC2.swift */,
				F6D073D72D33C9420086080F /* Mapper_MMC3.swift */,
				F6D073D82D33C9420086080F /* Mapper_MMC4.swift */,
				F6D073D92D33C9420086080F /* Mapper_MMC5.swift */,
				F6D073DA2D33C9420086080F /* Mapper_Namcot118_TengenMimic1.swift */,
				F6D073DB2D33C9420086080F /* Mapper_NROM.swift */,
				F6D073DC2D33C9420086080F /* Mapper_NTDEC2722.swift */,
				F6D073DD2D33C9420086080F /* Mapper_TQROM.swift */,
				F6D073DE2D33C9420086080F /* Mapper_TxSROM.swift */,
				F6D073DF2D33C9420086080F /* Mapper_UNROM.swift */,
				F6D073E02D33C9420086080F /* Mapper_UnsupportedPlaceholder.swift */,
				F6D073E12D33C9420086080F /* Mapper_VRC2b_VRC4e_VRC4f.swift */,
				F6D073E22D33C9420086080F /* Mapper_VRC2c_VRC4b_VRC4d.swift */,
				F6D073E32D33C9420086080F /* Mapper_VRC7.swift */,
			);
			path = Mappers;
			sourceTree = "<group>";
		};
		F6D073E92D33C9420086080F /* Mappers */ = {
			isa = PBXGroup;
			children = (
				F6D073E42D33C9420086080F /* Mappers */,
				F6D073E52D33C9420086080F /* MapperIdentifier.swift */,
				F6D073E62D33C9420086080F /* MapperProtocol.swift */,
				F6D073E72D33C9420086080F /* MapperState.swift */,
				F6D073E82D33C9420086080F /* MirroringMode.swift */,
			);
			path = Mappers;
			sourceTree = "<group>";
		};
		F6D073ED2D33C9420086080F /* PPU */ = {
			isa = PBXGroup;
			children = (
				F6D073EA2D33C9420086080F /* PPU.swift */,
				F6D073EB2D33C9420086080F /* PPUState.swift */,
				F6D073EC2D33C9420086080F /* PPUStepResults.swift */,
			);
			path = PPU;
			sourceTree = "<group>";
		};
		F6D073F62D33C9420086080F /* Emulator */ = {
			isa = PBXGroup;
			children = (
				F6D073BF2D33C9420086080F /* APU */,
				F6D073C22D33C9420086080F /* Cartridge */,
				F6D073C52D33C9420086080F /* Controller */,
				F6D073CD2D33C9420086080F /* CPU */,
				F6D073E92D33C9420086080F /* Mappers */,
				F6D073ED2D33C9420086080F /* PPU */,
				F6D074302D33FDE50086080F /* EmulatorState.swift */,
				F6D073F32D33C9420086080F /* SampleRate.swift */,
				F6D073F42D33C9420086080F /* Scanlines.swift */,
				F6D073F52D33C9420086080F /* Settings.swift */,
				F6D074322D33FE320086080F /* Emulator.swift */,
			);
			path = Emulator;
			sourceTree = "<group>";
		};
		F6DC34582D44106500E75525 /* Resources */ = {
			isa = PBXGroup;
			children = (
				F6191F1E2D6F3E3A008CEF57 /* Localization */,
				F6DC34592D44107300E75525 /* DesignSystem.swift */,
			);
			path = Resources;
			sourceTree = "<group>";
		};
		F6E4E51E2CABF2FB005D5165 /* Settings */ = {
			isa = PBXGroup;
			children = (
				F60BCC5C2CB928AC00A409B3 /* Views */,
				F6E4E5242CABF367005D5165 /* ViewModels */,
				F6B03BA72CB92CD800B2D3BA /* Resources */,
			);
			path = Settings;
			sourceTree = "<group>";
		};
		F6E4E5242CABF367005D5165 /* ViewModels */ = {
			isa = PBXGroup;
			children = (
				F6E4E5362CABFBA7005D5165 /* SettingsViewModel.swift */,
			);
			path = ViewModels;
			sourceTree = "<group>";
		};
		F6E4E5272CABF3D9005D5165 /* Services */ = {
			isa = PBXGroup;
			children = (
				F6026E7C2DA32F2E0053560D /* KeychainManager.swift */,
				F6E4E52C2CABF47D005D5165 /* AppService.swift */,
				F6E4E52A2CABF472005D5165 /* EmulatorService.swift */,
				F6026E672DA1091B0053560D /* ProfileService.swift */,
				F6E4E52E2CABF4B7005D5165 /* GamesService.swift */,
				F6E4E5322CABF4D9005D5165 /* SavesService.swift */,
				F6026E722DA13D4D0053560D /* CloudService.swift */,
				F6026E742DA13E420053560D /* CloudServiceConverter.swift */,
				F6026E7E2DA3F06E0053560D /* SwiftDataManager.swift */,
				F6026E792DA1497C0053560D /* GoogleDriveService */,
				F6026E6B2DA128970053560D /* YandexDiskService */,
			);
			path = Services;
			sourceTree = "<group>";
		};
/* End PBXGroup section */

/* Begin PBXNativeTarget section */
		F668DDB42BFD1A92007A3B60 /* iES */ = {
			isa = PBXNativeTarget;
			buildConfigurationList = F668DDDC2BFD1A94007A3B60 /* Build configuration list for PBXNativeTarget "iES" */;
			buildPhases = (
				F668DDB12BFD1A92007A3B60 /* Sources */,
				F668DDB22BFD1A92007A3B60 /* Frameworks */,
				F668DDB32BFD1A92007A3B60 /* Resources */,
			);
			buildRules = (
			);
			dependencies = (
			);
			name = iES;
			packageProductDependencies = (
				F6026E772DA149730053560D /* GoogleDriveClient */,
			);
			productName = iES;
			productReference = F668DDB52BFD1A92007A3B60 /* iES.app */;
			productType = "com.apple.product-type.application";
		};
		F668DDC72BFD1A94007A3B60 /* iESTests */ = {
			isa = PBXNativeTarget;
			buildConfigurationList = F668DDDF2BFD1A94007A3B60 /* Build configuration list for PBXNativeTarget "iESTests" */;
			buildPhases = (
				F668DDC42BFD1A94007A3B60 /* Sources */,
				F668DDC52BFD1A94007A3B60 /* Frameworks */,
				F668DDC62BFD1A94007A3B60 /* Resources */,
			);
			buildRules = (
			);
			dependencies = (
				F668DDCA2BFD1A94007A3B60 /* PBXTargetDependency */,
			);
			name = iESTests;
			productName = iESTests;
			productReference = F668DDC82BFD1A94007A3B60 /* iESTests.xctest */;
			productType = "com.apple.product-type.bundle.unit-test";
		};
		F668DDD12BFD1A94007A3B60 /* iESUITests */ = {
			isa = PBXNativeTarget;
			buildConfigurationList = F668DDE22BFD1A94007A3B60 /* Build configuration list for PBXNativeTarget "iESUITests" */;
			buildPhases = (
				F668DDCE2BFD1A94007A3B60 /* Sources */,
				F668DDCF2BFD1A94007A3B60 /* Frameworks */,
				F668DDD02BFD1A94007A3B60 /* Resources */,
			);
			buildRules = (
			);
			dependencies = (
				F668DDD42BFD1A94007A3B60 /* PBXTargetDependency */,
			);
			name = iESUITests;
			productName = iESUITests;
			productReference = F668DDD22BFD1A94007A3B60 /* iESUITests.xctest */;
			productType = "com.apple.product-type.bundle.ui-testing";
		};
/* End PBXNativeTarget section */

/* Begin PBXProject section */
		F668DDAD2BFD1A92007A3B60 /* Project object */ = {
			isa = PBXProject;
			attributes = {
				BuildIndependentTargetsInParallel = 1;
				LastSwiftUpdateCheck = 1540;
				LastUpgradeCheck = 1540;
				TargetAttributes = {
					F668DDB42BFD1A92007A3B60 = {
						CreatedOnToolsVersion = 15.4;
					};
					F668DDC72BFD1A94007A3B60 = {
						CreatedOnToolsVersion = 15.4;
						TestTargetID = F668DDB42BFD1A92007A3B60;
					};
					F668DDD12BFD1A94007A3B60 = {
						CreatedOnToolsVersion = 15.4;
						TestTargetID = F668DDB42BFD1A92007A3B60;
					};
				};
			};
			buildConfigurationList = F668DDB02BFD1A92007A3B60 /* Build configuration list for PBXProject "iES" */;
			compatibilityVersion = "Xcode 14.0";
			developmentRegion = en;
			hasScannedForEncodings = 0;
			knownRegions = (
				en,
				Base,
				ru,
			);
			mainGroup = F668DDAC2BFD1A92007A3B60;
			packageReferences = (
				F6026E762DA149730053560D /* XCRemoteSwiftPackageReference "swift-google-drive-client" */,
			);
			productRefGroup = F668DDB62BFD1A92007A3B60 /* Products */;
			projectDirPath = "";
			projectRoot = "";
			targets = (
				F668DDB42BFD1A92007A3B60 /* iES */,
				F668DDC72BFD1A94007A3B60 /* iESTests */,
				F668DDD12BFD1A94007A3B60 /* iESUITests */,
			);
		};
/* End PBXProject section */

/* Begin PBXResourcesBuildPhase section */
		F668DDB32BFD1A92007A3B60 /* Resources */ = {
			isa = PBXResourcesBuildPhase;
			buildActionMask = 2147483647;
			files = (
				F668DDC32BFD1A94007A3B60 /* Preview Assets.xcassets in Resources */,
				F668DDBF2BFD1A94007A3B60 /* Assets.xcassets in Resources */,
				F6191F212D6F3E50008CEF57 /* Localizable.xcstrings in Resources */,
			);
			runOnlyForDeploymentPostprocessing = 0;
		};
		F668DDC62BFD1A94007A3B60 /* Resources */ = {
			isa = PBXResourcesBuildPhase;
			buildActionMask = 2147483647;
			files = (
			);
			runOnlyForDeploymentPostprocessing = 0;
		};
		F668DDD02BFD1A94007A3B60 /* Resources */ = {
			isa = PBXResourcesBuildPhase;
			buildActionMask = 2147483647;
			files = (
			);
			runOnlyForDeploymentPostprocessing = 0;
		};
/* End PBXResourcesBuildPhase section */

/* Begin PBXSourcesBuildPhase section */
		F668DDB12BFD1A92007A3B60 /* Sources */ = {
			isa = PBXSourcesBuildPhase;
			buildActionMask = 2147483647;
			files = (
				F6026E752DA13E480053560D /* CloudServiceConverter.swift in Sources */,
				F61A1CD42D53E355002BE8AB /* LoadingAnimation.swift in Sources */,
				F6026E682DA1091E0053560D /* ProfileService.swift in Sources */,
				F6DC345A2D44107600E75525 /* DesignSystem.swift in Sources */,
				F6191F232D6F3F6C008CEF57 /* Localization.swift in Sources */,
				F6701BAA2C824F3D00E5C7B1 /* LibraryItemDetailView.swift in Sources */,
				F6B85B052CEA47190033027E /* ConsoleView.swift in Sources */,
				F6E4E5222CABF330005D5165 /* ProfileViewModel.swift in Sources */,
				F668DDB92BFD1A92007A3B60 /* iESApp.swift in Sources */,
				F6E4E5332CABF4DC005D5165 /* SavesService.swift in Sources */,
				F6D073F72D33C9420086080F /* AddressingMode.swift in Sources */,
				F6026E7B2DA149900053560D /* GoogleDriveService.swift in Sources */,
				F6D073F82D33C9420086080F /* MirroringMode.swift in Sources */,
				F6D073F92D33C9420086080F /* Mapper_VRC2c_VRC4b_VRC4d.swift in Sources */,
				F6D073FA2D33C9420086080F /* Mapper_VRC7.swift in Sources */,
				F6D073FB2D33C9420086080F /* RomHeader.swift in Sources */,
				F6D073FC2D33C9420086080F /* Scanlines.swift in Sources */,
				F6D073FD2D33C9420086080F /* PPU.swift in Sources */,
				F6D073FF2D33C9420086080F /* InstructionData.swift in Sources */,
				F6026E732DA13D550053560D /* CloudService.swift in Sources */,
				F6D074002D33C9420086080F /* Mapper_Namcot118_TengenMimic1.swift in Sources */,
				F6D074012D33C9420086080F /* Mapper_87.swift in Sources */,
				F6026E7D2DA32F2E0053560D /* KeychainManager.swift in Sources */,
				F6D074022D33C9420086080F /* Mapper_TxSROM.swift in Sources */,
				F6D074032D33C9420086080F /* Mapper_MMC1.swift in Sources */,
				F6D074042D33C9420086080F /* PPUState.swift in Sources */,
				F6D074052D33C9420086080F /* APU.swift in Sources */,
				F6D074062D33C9420086080F /* Mapper_CNROM.swift in Sources */,
				F61A1CD82D548199002BE8AB /* FlipView.swift in Sources */,
				F6D074072D33C9420086080F /* DMCState.swift in Sources */,
				F6D074332D33FE320086080F /* Emulator.swift in Sources */,
				F6D074082D33C9420086080F /* Mapper_MMC2.swift in Sources */,
				F6D074312D33FDE50086080F /* EmulatorState.swift in Sources */,
				F6026E6F2DA129420053560D /* YandexAuthView.swift in Sources */,
				F6D074092D33C9420086080F /* Mapper_MMC3.swift in Sources */,
				F6D0740A2D33C9420086080F /* StepData.swift in Sources */,
				F6D0740B2D33C9420086080F /* TriangleState.swift in Sources */,
				F6D0740C2D33C9420086080F /* Controller.swift in Sources */,
				F6D0740D2D33C9420086080F /* Mapper_UNROM.swift in Sources */,
				F6D074102D33C9420086080F /* Mapper_UnsupportedPlaceholder.swift in Sources */,
				F6D074112D33C9420086080F /* MapperProtocol.swift in Sources */,
				F6D074122D33C9420086080F /* CPUState.swift in Sources */,
				F6D074132D33C9420086080F /* Mapper_AxROM.swift in Sources */,
				F6026E7F2DA3F0740053560D /* SwiftDataManager.swift in Sources */,
				F6D074142D33C9420086080F /* Mapper_ColorDreams.swift in Sources */,
				F6D074152D33C9420086080F /* Interrupt.swift in Sources */,
				F6D074162D33C9420086080F /* NoiseState.swift in Sources */,
				F6D074172D33C9420086080F /* CPU.swift in Sources */,
				F6D074182D33C9420086080F /* ControllerButton.swift in Sources */,
				F6D0741A2D33C9420086080F /* Cartridge.swift in Sources */,
				F6D0741B2D33C9420086080F /* Mapper_TQROM.swift in Sources */,
				F6D0741C2D33C9420086080F /* Mapper_MMC4.swift in Sources */,
				F6D0741D2D33C9420086080F /* Filter.swift in Sources */,
				F6D0741E2D33C9420086080F /* SampleRate.swift in Sources */,
				F6D0741F2D33C9420086080F /* Settings.swift in Sources */,
				F6D074202D33C9420086080F /* APUState.swift in Sources */,
				F6D074212D33C9420086080F /* AudioEngineState.swift in Sources */,
				F6D074222D33C9420086080F /* Mapper_GxROM.swift in Sources */,
				F6D074232D33C9420086080F /* MapperIdentifier.swift in Sources */,
				F6D074242D33C9420086080F /* MapperState.swift in Sources */,
				F6D074252D33C9420086080F /* Mapper_VRC2b_VRC4e_VRC4f.swift in Sources */,
				F6D074262D33C9420086080F /* Mapper_NROM.swift in Sources */,
				F6D074272D33C9420086080F /* Mapper_NTDEC2722.swift in Sources */,
				F6D074282D33C9420086080F /* Mapper_CamericaQuattro.swift in Sources */,
				F6D074292D33C9420086080F /* Mapper_78.swift in Sources */,
				F6D0742A2D33C9420086080F /* PulseState.swift in Sources */,
				F6D0742C2D33C9420086080F /* Mapper_MMC5.swift in Sources */,
				F6AE93072D97114300ED6722 /* ProfileModel.swift in Sources */,
				F6D0742D2D33C9420086080F /* PPUStepResults.swift in Sources */,
				F6026E6D2DA1289D0053560D /* YandexAuthViewController.swift in Sources */,
				F608103C2D3194E8007AB5C2 /* NesRomViewController.swift in Sources */,
				F612F9DF2D6688460044284D /* Shader.metal in Sources */,
				F6D073B32D32CDDD0086080F /* UIWindow+Current.swift in Sources */,
				F60810402D3195E1007AB5C2 /* NESScreenView.swift in Sources */,
				F61501ED2C440FC6003B7574 /* LibraryView.swift in Sources */,
				F6498A512C5E46C4006D371C /* LibraryViewModel.swift in Sources */,
				F60811D52D32529F007AB5C2 /* Collection+SafeIndex.swift in Sources */,
				F60811D62D32529F007AB5C2 /* UInt8+ByteUtils.swift in Sources */,
				F60811D82D32529F007AB5C2 /* Data+MD5.swift in Sources */,
				F60811DA2D32529F007AB5C2 /* Data+ValueConversion.swift in Sources */,
				F6498A4F2C5E3BD0006D371C /* LibraryItemView.swift in Sources */,
				F6E4E52D2CABF496005D5165 /* AppService.swift in Sources */,
				F6B03BA92CB92CF600B2D3BA /* SettingsConstants.swift in Sources */,
				F6498A532C5E46E0006D371C /* LibraryItemModel.swift in Sources */,
				F63D81C62D32AC990087107D /* Image+ImageDataInit.swift in Sources */,
				F61501E72C440C43003B7574 /* HomeView.swift in Sources */,
				F6026E712DA1320D0053560D /* YandexDiskService.swift in Sources */,
				F6E4E52F2CABF4BA005D5165 /* GamesService.swift in Sources */,
				F6E4E52B2CABF47A005D5165 /* EmulatorService.swift in Sources */,
				F61501FA2C441076003B7574 /* ProfileView.swift in Sources */,
				F688E4AF2C5DDB1A00055CD0 /* HomeViewIcon.swift in Sources */,
				F6498A552C5E5C52006D371C /* AddGameView.swift in Sources */,
				F6E4E5372CABFBAD005D5165 /* SettingsViewModel.swift in Sources */,
				F60BCC5E2CB928BB00A409B3 /* SettingsView.swift in Sources */,
			);
			runOnlyForDeploymentPostprocessing = 0;
		};
		F668DDC42BFD1A94007A3B60 /* Sources */ = {
			isa = PBXSourcesBuildPhase;
			buildActionMask = 2147483647;
			files = (
				F6228A062C14EC570042F578 /* CPUTests.swift in Sources */,
			);
			runOnlyForDeploymentPostprocessing = 0;
		};
		F668DDCE2BFD1A94007A3B60 /* Sources */ = {
			isa = PBXSourcesBuildPhase;
			buildActionMask = 2147483647;
			files = (
				F668DDD92BFD1A94007A3B60 /* iESUITestsLaunchTests.swift in Sources */,
				F668DDD72BFD1A94007A3B60 /* iESUITests.swift in Sources */,
			);
			runOnlyForDeploymentPostprocessing = 0;
		};
/* End PBXSourcesBuildPhase section */

/* Begin PBXTargetDependency section */
		F668DDCA2BFD1A94007A3B60 /* PBXTargetDependency */ = {
			isa = PBXTargetDependency;
			target = F668DDB42BFD1A92007A3B60 /* iES */;
			targetProxy = F668DDC92BFD1A94007A3B60 /* PBXContainerItemProxy */;
		};
		F668DDD42BFD1A94007A3B60 /* PBXTargetDependency */ = {
			isa = PBXTargetDependency;
			target = F668DDB42BFD1A92007A3B60 /* iES */;
			targetProxy = F668DDD32BFD1A94007A3B60 /* PBXContainerItemProxy */;
		};
/* End PBXTargetDependency section */

/* Begin XCBuildConfiguration section */
		F668DDDA2BFD1A94007A3B60 /* Debug */ = {
			isa = XCBuildConfiguration;
			buildSettings = {
				ALWAYS_SEARCH_USER_PATHS = NO;
				ASSETCATALOG_COMPILER_GENERATE_SWIFT_ASSET_SYMBOL_EXTENSIONS = YES;
				CLANG_ANALYZER_NONNULL = YES;
				CLANG_ANALYZER_NUMBER_OBJECT_CONVERSION = YES_AGGRESSIVE;
				CLANG_CXX_LANGUAGE_STANDARD = "gnu++20";
				CLANG_ENABLE_MODULES = YES;
				CLANG_ENABLE_OBJC_ARC = YES;
				CLANG_ENABLE_OBJC_WEAK = YES;
				CLANG_WARN_BLOCK_CAPTURE_AUTORELEASING = YES;
				CLANG_WARN_BOOL_CONVERSION = YES;
				CLANG_WARN_COMMA = YES;
				CLANG_WARN_CONSTANT_CONVERSION = YES;
				CLANG_WARN_DEPRECATED_OBJC_IMPLEMENTATIONS = YES;
				CLANG_WARN_DIRECT_OBJC_ISA_USAGE = YES_ERROR;
				CLANG_WARN_DOCUMENTATION_COMMENTS = YES;
				CLANG_WARN_EMPTY_BODY = YES;
				CLANG_WARN_ENUM_CONVERSION = YES;
				CLANG_WARN_INFINITE_RECURSION = YES;
				CLANG_WARN_INT_CONVERSION = YES;
				CLANG_WARN_NON_LITERAL_NULL_CONVERSION = YES;
				CLANG_WARN_OBJC_IMPLICIT_RETAIN_SELF = YES;
				CLANG_WARN_OBJC_LITERAL_CONVERSION = YES;
				CLANG_WARN_OBJC_ROOT_CLASS = YES_ERROR;
				CLANG_WARN_QUOTED_INCLUDE_IN_FRAMEWORK_HEADER = YES;
				CLANG_WARN_RANGE_LOOP_ANALYSIS = YES;
				CLANG_WARN_STRICT_PROTOTYPES = YES;
				CLANG_WARN_SUSPICIOUS_MOVE = YES;
				CLANG_WARN_UNGUARDED_AVAILABILITY = YES_AGGRESSIVE;
				CLANG_WARN_UNREACHABLE_CODE = YES;
				CLANG_WARN__DUPLICATE_METHOD_MATCH = YES;
				COPY_PHASE_STRIP = NO;
				DEBUG_INFORMATION_FORMAT = dwarf;
				ENABLE_STRICT_OBJC_MSGSEND = YES;
				ENABLE_TESTABILITY = YES;
				ENABLE_USER_SCRIPT_SANDBOXING = YES;
				GCC_C_LANGUAGE_STANDARD = gnu17;
				GCC_DYNAMIC_NO_PIC = NO;
				GCC_NO_COMMON_BLOCKS = YES;
				GCC_OPTIMIZATION_LEVEL = 0;
				GCC_PREPROCESSOR_DEFINITIONS = (
					"DEBUG=1",
					"$(inherited)",
				);
				GCC_WARN_64_TO_32_BIT_CONVERSION = YES;
				GCC_WARN_ABOUT_RETURN_TYPE = YES_ERROR;
				GCC_WARN_UNDECLARED_SELECTOR = YES;
				GCC_WARN_UNINITIALIZED_AUTOS = YES_AGGRESSIVE;
				GCC_WARN_UNUSED_FUNCTION = YES;
				GCC_WARN_UNUSED_VARIABLE = YES;
				LOCALIZATION_PREFERS_STRING_CATALOGS = YES;
				MTL_ENABLE_DEBUG_INFO = INCLUDE_SOURCE;
				MTL_FAST_MATH = YES;
				ONLY_ACTIVE_ARCH = YES;
				SWIFT_ACTIVE_COMPILATION_CONDITIONS = "DEBUG $(inherited)";
				SWIFT_EMIT_LOC_STRINGS = YES;
				SWIFT_OPTIMIZATION_LEVEL = "-Onone";
			};
			name = Debug;
		};
		F668DDDB2BFD1A94007A3B60 /* Release */ = {
			isa = XCBuildConfiguration;
			buildSettings = {
				ALWAYS_SEARCH_USER_PATHS = NO;
				ASSETCATALOG_COMPILER_GENERATE_SWIFT_ASSET_SYMBOL_EXTENSIONS = YES;
				CLANG_ANALYZER_NONNULL = YES;
				CLANG_ANALYZER_NUMBER_OBJECT_CONVERSION = YES_AGGRESSIVE;
				CLANG_CXX_LANGUAGE_STANDARD = "gnu++20";
				CLANG_ENABLE_MODULES = YES;
				CLANG_ENABLE_OBJC_ARC = YES;
				CLANG_ENABLE_OBJC_WEAK = YES;
				CLANG_WARN_BLOCK_CAPTURE_AUTORELEASING = YES;
				CLANG_WARN_BOOL_CONVERSION = YES;
				CLANG_WARN_COMMA = YES;
				CLANG_WARN_CONSTANT_CONVERSION = YES;
				CLANG_WARN_DEPRECATED_OBJC_IMPLEMENTATIONS = YES;
				CLANG_WARN_DIRECT_OBJC_ISA_USAGE = YES_ERROR;
				CLANG_WARN_DOCUMENTATION_COMMENTS = YES;
				CLANG_WARN_EMPTY_BODY = YES;
				CLANG_WARN_ENUM_CONVERSION = YES;
				CLANG_WARN_INFINITE_RECURSION = YES;
				CLANG_WARN_INT_CONVERSION = YES;
				CLANG_WARN_NON_LITERAL_NULL_CONVERSION = YES;
				CLANG_WARN_OBJC_IMPLICIT_RETAIN_SELF = YES;
				CLANG_WARN_OBJC_LITERAL_CONVERSION = YES;
				CLANG_WARN_OBJC_ROOT_CLASS = YES_ERROR;
				CLANG_WARN_QUOTED_INCLUDE_IN_FRAMEWORK_HEADER = YES;
				CLANG_WARN_RANGE_LOOP_ANALYSIS = YES;
				CLANG_WARN_STRICT_PROTOTYPES = YES;
				CLANG_WARN_SUSPICIOUS_MOVE = YES;
				CLANG_WARN_UNGUARDED_AVAILABILITY = YES_AGGRESSIVE;
				CLANG_WARN_UNREACHABLE_CODE = YES;
				CLANG_WARN__DUPLICATE_METHOD_MATCH = YES;
				COPY_PHASE_STRIP = NO;
				DEBUG_INFORMATION_FORMAT = "dwarf-with-dsym";
				ENABLE_NS_ASSERTIONS = NO;
				ENABLE_STRICT_OBJC_MSGSEND = YES;
				ENABLE_USER_SCRIPT_SANDBOXING = YES;
				GCC_C_LANGUAGE_STANDARD = gnu17;
				GCC_NO_COMMON_BLOCKS = YES;
				GCC_WARN_64_TO_32_BIT_CONVERSION = YES;
				GCC_WARN_ABOUT_RETURN_TYPE = YES_ERROR;
				GCC_WARN_UNDECLARED_SELECTOR = YES;
				GCC_WARN_UNINITIALIZED_AUTOS = YES_AGGRESSIVE;
				GCC_WARN_UNUSED_FUNCTION = YES;
				GCC_WARN_UNUSED_VARIABLE = YES;
				LOCALIZATION_PREFERS_STRING_CATALOGS = YES;
				MTL_ENABLE_DEBUG_INFO = NO;
				MTL_FAST_MATH = YES;
				SWIFT_COMPILATION_MODE = wholemodule;
				SWIFT_EMIT_LOC_STRINGS = YES;
			};
			name = Release;
		};
		F668DDDD2BFD1A94007A3B60 /* Debug */ = {
			isa = XCBuildConfiguration;
			buildSettings = {
				ASSETCATALOG_COMPILER_APPICON_NAME = AppIcon;
				ASSETCATALOG_COMPILER_GLOBAL_ACCENT_COLOR_NAME = AccentColor;
				CODE_SIGN_ENTITLEMENTS = iES/iES.entitlements;
				CODE_SIGN_STYLE = Automatic;
				CURRENT_PROJECT_VERSION = 1;
				DEVELOPMENT_ASSET_PATHS = "\"iES/Preview Content\"";
				DEVELOPMENT_TEAM = 5374B32457;
				ENABLE_PREVIEWS = YES;
				GENERATE_INFOPLIST_FILE = YES;
				INFOPLIST_FILE = iES/Info.plist;
				"INFOPLIST_KEY_UIApplicationSceneManifest_Generation[sdk=iphoneos*]" = YES;
				"INFOPLIST_KEY_UIApplicationSceneManifest_Generation[sdk=iphonesimulator*]" = YES;
				"INFOPLIST_KEY_UIApplicationSupportsIndirectInputEvents[sdk=iphoneos*]" = YES;
				"INFOPLIST_KEY_UIApplicationSupportsIndirectInputEvents[sdk=iphonesimulator*]" = YES;
				"INFOPLIST_KEY_UILaunchScreen_Generation[sdk=iphoneos*]" = YES;
				"INFOPLIST_KEY_UILaunchScreen_Generation[sdk=iphonesimulator*]" = YES;
				INFOPLIST_KEY_UIRequiresFullScreen = YES;
				"INFOPLIST_KEY_UIStatusBarStyle[sdk=iphoneos*]" = UIStatusBarStyleDefault;
				"INFOPLIST_KEY_UIStatusBarStyle[sdk=iphonesimulator*]" = UIStatusBarStyleDefault;
				INFOPLIST_KEY_UISupportedInterfaceOrientations = "UIInterfaceOrientationLandscapeLeft UIInterfaceOrientationLandscapeRight";
				INFOPLIST_KEY_UISupportedInterfaceOrientations_iPad = "UIInterfaceOrientationLandscapeLeft UIInterfaceOrientationLandscapeRight UIInterfaceOrientationPortrait UIInterfaceOrientationPortraitUpsideDown";
				IPHONEOS_DEPLOYMENT_TARGET = 18.0;
				LD_RUNPATH_SEARCH_PATHS = "@executable_path/Frameworks";
				"LD_RUNPATH_SEARCH_PATHS[sdk=macosx*]" = "@executable_path/../Frameworks";
				MACOSX_DEPLOYMENT_TARGET = 14.0;
				MARKETING_VERSION = 1.0;
				PRODUCT_BUNDLE_IDENTIFIER = vdc.iES;
				PRODUCT_NAME = "$(TARGET_NAME)";
				REGISTER_APP_GROUPS = NO;
				SDKROOT = auto;
				SUPPORTED_PLATFORMS = "iphoneos iphonesimulator";
				SUPPORTS_MACCATALYST = NO;
				SUPPORTS_MAC_DESIGNED_FOR_IPHONE_IPAD = YES;
				SUPPORTS_XR_DESIGNED_FOR_IPHONE_IPAD = YES;
				SWIFT_EMIT_LOC_STRINGS = YES;
				SWIFT_VERSION = 5.0;
				TARGETED_DEVICE_FAMILY = "1,2";
			};
			name = Debug;
		};
		F668DDDE2BFD1A94007A3B60 /* Release */ = {
			isa = XCBuildConfiguration;
			buildSettings = {
				ASSETCATALOG_COMPILER_APPICON_NAME = AppIcon;
				ASSETCATALOG_COMPILER_GLOBAL_ACCENT_COLOR_NAME = AccentColor;
				CODE_SIGN_ENTITLEMENTS = iES/iES.entitlements;
				CODE_SIGN_STYLE = Automatic;
				CURRENT_PROJECT_VERSION = 1;
				DEVELOPMENT_ASSET_PATHS = "\"iES/Preview Content\"";
				DEVELOPMENT_TEAM = 5374B32457;
				ENABLE_PREVIEWS = YES;
				GENERATE_INFOPLIST_FILE = YES;
				INFOPLIST_FILE = iES/Info.plist;
				"INFOPLIST_KEY_UIApplicationSceneManifest_Generation[sdk=iphoneos*]" = YES;
				"INFOPLIST_KEY_UIApplicationSceneManifest_Generation[sdk=iphonesimulator*]" = YES;
				"INFOPLIST_KEY_UIApplicationSupportsIndirectInputEvents[sdk=iphoneos*]" = YES;
				"INFOPLIST_KEY_UIApplicationSupportsIndirectInputEvents[sdk=iphonesimulator*]" = YES;
				"INFOPLIST_KEY_UILaunchScreen_Generation[sdk=iphoneos*]" = YES;
				"INFOPLIST_KEY_UILaunchScreen_Generation[sdk=iphonesimulator*]" = YES;
				INFOPLIST_KEY_UIRequiresFullScreen = YES;
				"INFOPLIST_KEY_UIStatusBarStyle[sdk=iphoneos*]" = UIStatusBarStyleDefault;
				"INFOPLIST_KEY_UIStatusBarStyle[sdk=iphonesimulator*]" = UIStatusBarStyleDefault;
				INFOPLIST_KEY_UISupportedInterfaceOrientations = "UIInterfaceOrientationLandscapeLeft UIInterfaceOrientationLandscapeRight";
				INFOPLIST_KEY_UISupportedInterfaceOrientations_iPad = "UIInterfaceOrientationLandscapeLeft UIInterfaceOrientationLandscapeRight UIInterfaceOrientationPortrait UIInterfaceOrientationPortraitUpsideDown";
				IPHONEOS_DEPLOYMENT_TARGET = 18.0;
				LD_RUNPATH_SEARCH_PATHS = "@executable_path/Frameworks";
				"LD_RUNPATH_SEARCH_PATHS[sdk=macosx*]" = "@executable_path/../Frameworks";
				MACOSX_DEPLOYMENT_TARGET = 14.0;
				MARKETING_VERSION = 1.0;
				PRODUCT_BUNDLE_IDENTIFIER = vdc.iES;
				PRODUCT_NAME = "$(TARGET_NAME)";
				REGISTER_APP_GROUPS = NO;
				SDKROOT = auto;
				SUPPORTED_PLATFORMS = "iphoneos iphonesimulator";
				SUPPORTS_MACCATALYST = NO;
				SUPPORTS_MAC_DESIGNED_FOR_IPHONE_IPAD = YES;
				SUPPORTS_XR_DESIGNED_FOR_IPHONE_IPAD = YES;
				SWIFT_EMIT_LOC_STRINGS = YES;
				SWIFT_VERSION = 5.0;
				TARGETED_DEVICE_FAMILY = "1,2";
			};
			name = Release;
		};
		F668DDE02BFD1A94007A3B60 /* Debug */ = {
			isa = XCBuildConfiguration;
			buildSettings = {
				ALWAYS_EMBED_SWIFT_STANDARD_LIBRARIES = YES;
				BUNDLE_LOADER = "$(TEST_HOST)";
				CODE_SIGN_STYLE = Automatic;
				CURRENT_PROJECT_VERSION = 1;
				GENERATE_INFOPLIST_FILE = YES;
				IPHONEOS_DEPLOYMENT_TARGET = 17.5;
				MACOSX_DEPLOYMENT_TARGET = 14.5;
				MARKETING_VERSION = 1.0;
				PRODUCT_BUNDLE_IDENTIFIER = vdc.iESTests;
				PRODUCT_NAME = "$(TARGET_NAME)";
				SDKROOT = auto;
				SUPPORTED_PLATFORMS = "iphoneos iphonesimulator";
				SUPPORTS_MACCATALYST = NO;
				SUPPORTS_MAC_DESIGNED_FOR_IPHONE_IPAD = YES;
				SUPPORTS_XR_DESIGNED_FOR_IPHONE_IPAD = YES;
				SWIFT_EMIT_LOC_STRINGS = NO;
				SWIFT_VERSION = 5.0;
				TARGETED_DEVICE_FAMILY = "1,2";
				TEST_HOST = "$(BUILT_PRODUCTS_DIR)/iES.app/$(BUNDLE_EXECUTABLE_FOLDER_PATH)/iES";
			};
			name = Debug;
		};
		F668DDE12BFD1A94007A3B60 /* Release */ = {
			isa = XCBuildConfiguration;
			buildSettings = {
				ALWAYS_EMBED_SWIFT_STANDARD_LIBRARIES = YES;
				BUNDLE_LOADER = "$(TEST_HOST)";
				CODE_SIGN_STYLE = Automatic;
				CURRENT_PROJECT_VERSION = 1;
				GENERATE_INFOPLIST_FILE = YES;
				IPHONEOS_DEPLOYMENT_TARGET = 17.5;
				MACOSX_DEPLOYMENT_TARGET = 14.5;
				MARKETING_VERSION = 1.0;
				PRODUCT_BUNDLE_IDENTIFIER = vdc.iESTests;
				PRODUCT_NAME = "$(TARGET_NAME)";
				SDKROOT = auto;
				SUPPORTED_PLATFORMS = "iphoneos iphonesimulator";
				SUPPORTS_MACCATALYST = NO;
				SUPPORTS_MAC_DESIGNED_FOR_IPHONE_IPAD = YES;
				SUPPORTS_XR_DESIGNED_FOR_IPHONE_IPAD = YES;
				SWIFT_EMIT_LOC_STRINGS = NO;
				SWIFT_VERSION = 5.0;
				TARGETED_DEVICE_FAMILY = "1,2";
				TEST_HOST = "$(BUILT_PRODUCTS_DIR)/iES.app/$(BUNDLE_EXECUTABLE_FOLDER_PATH)/iES";
			};
			name = Release;
		};
		F668DDE32BFD1A94007A3B60 /* Debug */ = {
			isa = XCBuildConfiguration;
			buildSettings = {
				ALWAYS_EMBED_SWIFT_STANDARD_LIBRARIES = YES;
				CODE_SIGN_STYLE = Automatic;
				CURRENT_PROJECT_VERSION = 1;
				GENERATE_INFOPLIST_FILE = YES;
				IPHONEOS_DEPLOYMENT_TARGET = 17.5;
				MACOSX_DEPLOYMENT_TARGET = 14.5;
				MARKETING_VERSION = 1.0;
				PRODUCT_BUNDLE_IDENTIFIER = vdc.iESUITests;
				PRODUCT_NAME = "$(TARGET_NAME)";
				SDKROOT = auto;
				SUPPORTED_PLATFORMS = "iphoneos iphonesimulator";
				SUPPORTS_MACCATALYST = NO;
				SUPPORTS_MAC_DESIGNED_FOR_IPHONE_IPAD = YES;
				SUPPORTS_XR_DESIGNED_FOR_IPHONE_IPAD = YES;
				SWIFT_EMIT_LOC_STRINGS = NO;
				SWIFT_VERSION = 5.0;
				TARGETED_DEVICE_FAMILY = "1,2";
				TEST_TARGET_NAME = iES;
			};
			name = Debug;
		};
		F668DDE42BFD1A94007A3B60 /* Release */ = {
			isa = XCBuildConfiguration;
			buildSettings = {
				ALWAYS_EMBED_SWIFT_STANDARD_LIBRARIES = YES;
				CODE_SIGN_STYLE = Automatic;
				CURRENT_PROJECT_VERSION = 1;
				GENERATE_INFOPLIST_FILE = YES;
				IPHONEOS_DEPLOYMENT_TARGET = 17.5;
				MACOSX_DEPLOYMENT_TARGET = 14.5;
				MARKETING_VERSION = 1.0;
				PRODUCT_BUNDLE_IDENTIFIER = vdc.iESUITests;
				PRODUCT_NAME = "$(TARGET_NAME)";
				SDKROOT = auto;
				SUPPORTED_PLATFORMS = "iphoneos iphonesimulator";
				SUPPORTS_MACCATALYST = NO;
				SUPPORTS_MAC_DESIGNED_FOR_IPHONE_IPAD = YES;
				SUPPORTS_XR_DESIGNED_FOR_IPHONE_IPAD = YES;
				SWIFT_EMIT_LOC_STRINGS = NO;
				SWIFT_VERSION = 5.0;
				TARGETED_DEVICE_FAMILY = "1,2";
				TEST_TARGET_NAME = iES;
			};
			name = Release;
		};
/* End XCBuildConfiguration section */

/* Begin XCConfigurationList section */
		F668DDB02BFD1A92007A3B60 /* Build configuration list for PBXProject "iES" */ = {
			isa = XCConfigurationList;
			buildConfigurations = (
				F668DDDA2BFD1A94007A3B60 /* Debug */,
				F668DDDB2BFD1A94007A3B60 /* Release */,
			);
			defaultConfigurationIsVisible = 0;
			defaultConfigurationName = Release;
		};
		F668DDDC2BFD1A94007A3B60 /* Build configuration list for PBXNativeTarget "iES" */ = {
			isa = XCConfigurationList;
			buildConfigurations = (
				F668DDDD2BFD1A94007A3B60 /* Debug */,
				F668DDDE2BFD1A94007A3B60 /* Release */,
			);
			defaultConfigurationIsVisible = 0;
			defaultConfigurationName = Release;
		};
		F668DDDF2BFD1A94007A3B60 /* Build configuration list for PBXNativeTarget "iESTests" */ = {
			isa = XCConfigurationList;
			buildConfigurations = (
				F668DDE02BFD1A94007A3B60 /* Debug */,
				F668DDE12BFD1A94007A3B60 /* Release */,
			);
			defaultConfigurationIsVisible = 0;
			defaultConfigurationName = Release;
		};
		F668DDE22BFD1A94007A3B60 /* Build configuration list for PBXNativeTarget "iESUITests" */ = {
			isa = XCConfigurationList;
			buildConfigurations = (
				F668DDE32BFD1A94007A3B60 /* Debug */,
				F668DDE42BFD1A94007A3B60 /* Release */,
			);
			defaultConfigurationIsVisible = 0;
			defaultConfigurationName = Release;
		};
/* End XCConfigurationList section */

/* Begin XCRemoteSwiftPackageReference section */
		F6026E762DA149730053560D /* XCRemoteSwiftPackageReference "swift-google-drive-client" */ = {
			isa = XCRemoteSwiftPackageReference;
			repositoryURL = "https://github.com/darrarski/swift-google-drive-client?tab=readme-ov-file";
			requirement = {
				branch = main;
				kind = branch;
			};
		};
/* End XCRemoteSwiftPackageReference section */

/* Begin XCSwiftPackageProductDependency section */
		F6026E772DA149730053560D /* GoogleDriveClient */ = {
			isa = XCSwiftPackageProductDependency;
			package = F6026E762DA149730053560D /* XCRemoteSwiftPackageReference "swift-google-drive-client" */;
			productName = GoogleDriveClient;
		};
/* End XCSwiftPackageProductDependency section */
	};
	rootObject = F668DDAD2BFD1A92007A3B60 /* Project object */;
}
