// !$*UTF8*$!
{
	archiveVersion = 1;
	classes = {
	};
	objectVersion = 56;
	objects = {

/* Begin PBXBuildFile section */
		F61501D62C43EE5A003B7574 /* AddressingMode.swift in Sources */ = {isa = PBXBuildFile; fileRef = F61501D52C43EE5A003B7574 /* AddressingMode.swift */; };
		F61501D92C43EE77003B7574 /* StepData.swift in Sources */ = {isa = PBXBuildFile; fileRef = F61501D82C43EE77003B7574 /* StepData.swift */; };
		F61501DB2C43EE94003B7574 /* InstructionData.swift in Sources */ = {isa = PBXBuildFile; fileRef = F61501DA2C43EE94003B7574 /* InstructionData.swift */; };
		F61501E72C440C43003B7574 /* HomeView.swift in Sources */ = {isa = PBXBuildFile; fileRef = F61501E62C440C43003B7574 /* HomeView.swift */; };
		F61501ED2C440FC6003B7574 /* LibraryView.swift in Sources */ = {isa = PBXBuildFile; fileRef = F61501EC2C440FC6003B7574 /* LibraryView.swift */; };
		F61501F82C44105A003B7574 /* MainView.swift in Sources */ = {isa = PBXBuildFile; fileRef = F61501F72C44105A003B7574 /* MainView.swift */; };
		F61501FA2C441076003B7574 /* ProfileView.swift in Sources */ = {isa = PBXBuildFile; fileRef = F61501F92C441076003B7574 /* ProfileView.swift */; };
		F61501FE2C441181003B7574 /* AppSettings.swift in Sources */ = {isa = PBXBuildFile; fileRef = F61501FD2C441181003B7574 /* AppSettings.swift */; };
		F6228A062C14EC570042F578 /* CPUTests.swift in Sources */ = {isa = PBXBuildFile; fileRef = F6228A052C14EC570042F578 /* CPUTests.swift */; };
		F6228A082C14FA860042F578 /* MockedCPU.swift in Sources */ = {isa = PBXBuildFile; fileRef = F6228A072C14FA860042F578 /* MockedCPU.swift */; };
		F6498A4F2C5E3BD0006D371C /* LibraryItemView.swift in Sources */ = {isa = PBXBuildFile; fileRef = F6498A4E2C5E3BD0006D371C /* LibraryItemView.swift */; };
		F6498A512C5E46C4006D371C /* LibraryViewModel.swift in Sources */ = {isa = PBXBuildFile; fileRef = F6498A502C5E46C4006D371C /* LibraryViewModel.swift */; };
		F6498A532C5E46E0006D371C /* LibraryItemModel.swift in Sources */ = {isa = PBXBuildFile; fileRef = F6498A522C5E46E0006D371C /* LibraryItemModel.swift */; };
		F6498A552C5E5C52006D371C /* AddGameView.swift in Sources */ = {isa = PBXBuildFile; fileRef = F6498A542C5E5C51006D371C /* AddGameView.swift */; };
		F65308652C0B0746009C886C /* CPU.swift in Sources */ = {isa = PBXBuildFile; fileRef = F65308642C0B0746009C886C /* CPU.swift */; };
		F65308672C0B266C009C886C /* Extensions.swift in Sources */ = {isa = PBXBuildFile; fileRef = F65308662C0B266C009C886C /* Extensions.swift */; };
		F668DDB92BFD1A92007A3B60 /* iESApp.swift in Sources */ = {isa = PBXBuildFile; fileRef = F668DDB82BFD1A92007A3B60 /* iESApp.swift */; };
		F668DDBF2BFD1A94007A3B60 /* Assets.xcassets in Resources */ = {isa = PBXBuildFile; fileRef = F668DDBE2BFD1A94007A3B60 /* Assets.xcassets */; };
		F668DDC32BFD1A94007A3B60 /* Preview Assets.xcassets in Resources */ = {isa = PBXBuildFile; fileRef = F668DDC22BFD1A94007A3B60 /* Preview Assets.xcassets */; };
		F668DDD72BFD1A94007A3B60 /* iESUITests.swift in Sources */ = {isa = PBXBuildFile; fileRef = F668DDD62BFD1A94007A3B60 /* iESUITests.swift */; };
		F668DDD92BFD1A94007A3B60 /* iESUITestsLaunchTests.swift in Sources */ = {isa = PBXBuildFile; fileRef = F668DDD82BFD1A94007A3B60 /* iESUITestsLaunchTests.swift */; };
		F6701BAA2C824F3D00E5C7B1 /* LibraryItemDetailView.swift in Sources */ = {isa = PBXBuildFile; fileRef = F6701BA92C824F3D00E5C7B1 /* LibraryItemDetailView.swift */; };
		F688E4AF2C5DDB1A00055CD0 /* HomeViewIcon.swift in Sources */ = {isa = PBXBuildFile; fileRef = F688E4AE2C5DDB1A00055CD0 /* HomeViewIcon.swift */; };
		F6A3DB932C44183E0025A941 /* Cartridge.swift in Sources */ = {isa = PBXBuildFile; fileRef = F6A3DB922C44183E0025A941 /* Cartridge.swift */; };
		F6A3DB9C2C441A120025A941 /* MapperProtocol.swift in Sources */ = {isa = PBXBuildFile; fileRef = F6A3DB9B2C441A120025A941 /* MapperProtocol.swift */; };
		F6A3DB9E2C441ADE0025A941 /* Interrupt.swift in Sources */ = {isa = PBXBuildFile; fileRef = F6A3DB9D2C441ADE0025A941 /* Interrupt.swift */; };
		F6A3DBA02C441DA60025A941 /* RomHeader.swift in Sources */ = {isa = PBXBuildFile; fileRef = F6A3DB9F2C441DA60025A941 /* RomHeader.swift */; };
		F6A3DBA22C441ECA0025A941 /* MapperIdentifier.swift in Sources */ = {isa = PBXBuildFile; fileRef = F6A3DBA12C441ECA0025A941 /* MapperIdentifier.swift */; };
		F6A3DBA42C441EE20025A941 /* MirroringMode.swift in Sources */ = {isa = PBXBuildFile; fileRef = F6A3DBA32C441EE20025A941 /* MirroringMode.swift */; };
		F6E31CDC2CA043EF00283AD4 /* PPU.swift in Sources */ = {isa = PBXBuildFile; fileRef = F6E31CDB2CA043EA00283AD4 /* PPU.swift */; };
		F6E31CDE2CA0480F00283AD4 /* PPUState.swift in Sources */ = {isa = PBXBuildFile; fileRef = F6E31CDD2CA0480F00283AD4 /* PPUState.swift */; };
/* End PBXBuildFile section */

/* Begin PBXContainerItemProxy section */
		F668DDC92BFD1A94007A3B60 /* PBXContainerItemProxy */ = {
			isa = PBXContainerItemProxy;
			containerPortal = F668DDAD2BFD1A92007A3B60 /* Project object */;
			proxyType = 1;
			remoteGlobalIDString = F668DDB42BFD1A92007A3B60;
			remoteInfo = iES;
		};
		F668DDD32BFD1A94007A3B60 /* PBXContainerItemProxy */ = {
			isa = PBXContainerItemProxy;
			containerPortal = F668DDAD2BFD1A92007A3B60 /* Project object */;
			proxyType = 1;
			remoteGlobalIDString = F668DDB42BFD1A92007A3B60;
			remoteInfo = iES;
		};
/* End PBXContainerItemProxy section */

/* Begin PBXFileReference section */
		F61501D52C43EE5A003B7574 /* AddressingMode.swift */ = {isa = PBXFileReference; lastKnownFileType = sourcecode.swift; path = AddressingMode.swift; sourceTree = "<group>"; };
		F61501D82C43EE77003B7574 /* StepData.swift */ = {isa = PBXFileReference; lastKnownFileType = sourcecode.swift; path = StepData.swift; sourceTree = "<group>"; };
		F61501DA2C43EE94003B7574 /* InstructionData.swift */ = {isa = PBXFileReference; lastKnownFileType = sourcecode.swift; path = InstructionData.swift; sourceTree = "<group>"; };
		F61501E62C440C43003B7574 /* HomeView.swift */ = {isa = PBXFileReference; lastKnownFileType = sourcecode.swift; path = HomeView.swift; sourceTree = "<group>"; };
		F61501EC2C440FC6003B7574 /* LibraryView.swift */ = {isa = PBXFileReference; lastKnownFileType = sourcecode.swift; path = LibraryView.swift; sourceTree = "<group>"; };
		F61501F72C44105A003B7574 /* MainView.swift */ = {isa = PBXFileReference; lastKnownFileType = sourcecode.swift; path = MainView.swift; sourceTree = "<group>"; };
		F61501F92C441076003B7574 /* ProfileView.swift */ = {isa = PBXFileReference; lastKnownFileType = sourcecode.swift; path = ProfileView.swift; sourceTree = "<group>"; };
		F61501FD2C441181003B7574 /* AppSettings.swift */ = {isa = PBXFileReference; lastKnownFileType = sourcecode.swift; path = AppSettings.swift; sourceTree = "<group>"; };
		F6228A052C14EC570042F578 /* CPUTests.swift */ = {isa = PBXFileReference; lastKnownFileType = sourcecode.swift; path = CPUTests.swift; sourceTree = "<group>"; };
		F6228A072C14FA860042F578 /* MockedCPU.swift */ = {isa = PBXFileReference; lastKnownFileType = sourcecode.swift; path = MockedCPU.swift; sourceTree = "<group>"; };
		F6498A4E2C5E3BD0006D371C /* LibraryItemView.swift */ = {isa = PBXFileReference; lastKnownFileType = sourcecode.swift; path = LibraryItemView.swift; sourceTree = "<group>"; };
		F6498A502C5E46C4006D371C /* LibraryViewModel.swift */ = {isa = PBXFileReference; lastKnownFileType = sourcecode.swift; path = LibraryViewModel.swift; sourceTree = "<group>"; };
		F6498A522C5E46E0006D371C /* LibraryItemModel.swift */ = {isa = PBXFileReference; lastKnownFileType = sourcecode.swift; path = LibraryItemModel.swift; sourceTree = "<group>"; };
		F6498A542C5E5C51006D371C /* AddGameView.swift */ = {isa = PBXFileReference; lastKnownFileType = sourcecode.swift; path = AddGameView.swift; sourceTree = "<group>"; };
		F65308642C0B0746009C886C /* CPU.swift */ = {isa = PBXFileReference; lastKnownFileType = sourcecode.swift; path = CPU.swift; sourceTree = "<group>"; };
		F65308662C0B266C009C886C /* Extensions.swift */ = {isa = PBXFileReference; lastKnownFileType = sourcecode.swift; path = Extensions.swift; sourceTree = "<group>"; };
		F668DDB52BFD1A92007A3B60 /* iES.app */ = {isa = PBXFileReference; explicitFileType = wrapper.application; includeInIndex = 0; path = iES.app; sourceTree = BUILT_PRODUCTS_DIR; };
		F668DDB82BFD1A92007A3B60 /* iESApp.swift */ = {isa = PBXFileReference; lastKnownFileType = sourcecode.swift; path = iESApp.swift; sourceTree = "<group>"; };
		F668DDBE2BFD1A94007A3B60 /* Assets.xcassets */ = {isa = PBXFileReference; lastKnownFileType = folder.assetcatalog; path = Assets.xcassets; sourceTree = "<group>"; };
		F668DDC02BFD1A94007A3B60 /* iES.entitlements */ = {isa = PBXFileReference; lastKnownFileType = text.plist.entitlements; path = iES.entitlements; sourceTree = "<group>"; };
		F668DDC22BFD1A94007A3B60 /* Preview Assets.xcassets */ = {isa = PBXFileReference; lastKnownFileType = folder.assetcatalog; path = "Preview Assets.xcassets"; sourceTree = "<group>"; };
		F668DDC82BFD1A94007A3B60 /* iESTests.xctest */ = {isa = PBXFileReference; explicitFileType = wrapper.cfbundle; includeInIndex = 0; path = iESTests.xctest; sourceTree = BUILT_PRODUCTS_DIR; };
		F668DDD22BFD1A94007A3B60 /* iESUITests.xctest */ = {isa = PBXFileReference; explicitFileType = wrapper.cfbundle; includeInIndex = 0; path = iESUITests.xctest; sourceTree = BUILT_PRODUCTS_DIR; };
		F668DDD62BFD1A94007A3B60 /* iESUITests.swift */ = {isa = PBXFileReference; lastKnownFileType = sourcecode.swift; path = iESUITests.swift; sourceTree = "<group>"; };
		F668DDD82BFD1A94007A3B60 /* iESUITestsLaunchTests.swift */ = {isa = PBXFileReference; lastKnownFileType = sourcecode.swift; path = iESUITestsLaunchTests.swift; sourceTree = "<group>"; };
		F6701BA92C824F3D00E5C7B1 /* LibraryItemDetailView.swift */ = {isa = PBXFileReference; lastKnownFileType = sourcecode.swift; path = LibraryItemDetailView.swift; sourceTree = "<group>"; };
		F688E4AE2C5DDB1A00055CD0 /* HomeViewIcon.swift */ = {isa = PBXFileReference; lastKnownFileType = sourcecode.swift; path = HomeViewIcon.swift; sourceTree = "<group>"; };
		F6A3DB922C44183E0025A941 /* Cartridge.swift */ = {isa = PBXFileReference; lastKnownFileType = sourcecode.swift; path = Cartridge.swift; sourceTree = "<group>"; };
		F6A3DB9B2C441A120025A941 /* MapperProtocol.swift */ = {isa = PBXFileReference; lastKnownFileType = sourcecode.swift; path = MapperProtocol.swift; sourceTree = "<group>"; };
		F6A3DB9D2C441ADE0025A941 /* Interrupt.swift */ = {isa = PBXFileReference; lastKnownFileType = sourcecode.swift; path = Interrupt.swift; sourceTree = "<group>"; };
		F6A3DB9F2C441DA60025A941 /* RomHeader.swift */ = {isa = PBXFileReference; lastKnownFileType = sourcecode.swift; path = RomHeader.swift; sourceTree = "<group>"; };
		F6A3DBA12C441ECA0025A941 /* MapperIdentifier.swift */ = {isa = PBXFileReference; lastKnownFileType = sourcecode.swift; path = MapperIdentifier.swift; sourceTree = "<group>"; };
		F6A3DBA32C441EE20025A941 /* MirroringMode.swift */ = {isa = PBXFileReference; lastKnownFileType = sourcecode.swift; path = MirroringMode.swift; sourceTree = "<group>"; };
		F6E31CDB2CA043EA00283AD4 /* PPU.swift */ = {isa = PBXFileReference; lastKnownFileType = sourcecode.swift; path = PPU.swift; sourceTree = "<group>"; };
		F6E31CDD2CA0480F00283AD4 /* PPUState.swift */ = {isa = PBXFileReference; lastKnownFileType = sourcecode.swift; path = PPUState.swift; sourceTree = "<group>"; };
/* End PBXFileReference section */

/* Begin PBXFrameworksBuildPhase section */
		F668DDB22BFD1A92007A3B60 /* Frameworks */ = {
			isa = PBXFrameworksBuildPhase;
			buildActionMask = 2147483647;
			files = (
			);
			runOnlyForDeploymentPostprocessing = 0;
		};
		F668DDC52BFD1A94007A3B60 /* Frameworks */ = {
			isa = PBXFrameworksBuildPhase;
			buildActionMask = 2147483647;
			files = (
			);
			runOnlyForDeploymentPostprocessing = 0;
		};
		F668DDCF2BFD1A94007A3B60 /* Frameworks */ = {
			isa = PBXFrameworksBuildPhase;
			buildActionMask = 2147483647;
			files = (
			);
			runOnlyForDeploymentPostprocessing = 0;
		};
/* End PBXFrameworksBuildPhase section */

/* Begin PBXGroup section */
		F61501D22C43EE1C003B7574 /* CPU */ = {
			isa = PBXGroup;
			children = (
				F61501D72C43EE6E003B7574 /* Models */,
				F65308642C0B0746009C886C /* CPU.swift */,
				F61501D52C43EE5A003B7574 /* AddressingMode.swift */,
				F6A3DB9D2C441ADE0025A941 /* Interrupt.swift */,
			);
			path = CPU;
			sourceTree = "<group>";
		};
		F61501D72C43EE6E003B7574 /* Models */ = {
			isa = PBXGroup;
			children = (
				F61501D82C43EE77003B7574 /* StepData.swift */,
				F61501DA2C43EE94003B7574 /* InstructionData.swift */,
			);
			path = Models;
			sourceTree = "<group>";
		};
		F61501E22C440C27003B7574 /* Home */ = {
			isa = PBXGroup;
			children = (
				F61501E52C440C3A003B7574 /* Views */,
				F61501E42C440C33003B7574 /* ViewModels */,
				F61501E32C440C2F003B7574 /* Models */,
			);
			path = Home;
			sourceTree = "<group>";
		};
		F61501E32C440C2F003B7574 /* Models */ = {
			isa = PBXGroup;
			children = (
			);
			path = Models;
			sourceTree = "<group>";
		};
		F61501E42C440C33003B7574 /* ViewModels */ = {
			isa = PBXGroup;
			children = (
			);
			path = ViewModels;
			sourceTree = "<group>";
		};
		F61501E52C440C3A003B7574 /* Views */ = {
			isa = PBXGroup;
			children = (
				F61501E62C440C43003B7574 /* HomeView.swift */,
				F688E4AE2C5DDB1A00055CD0 /* HomeViewIcon.swift */,
			);
			path = Views;
			sourceTree = "<group>";
		};
		F61501E82C440F95003B7574 /* Library */ = {
			isa = PBXGroup;
			children = (
				F61501EB2C440FB0003B7574 /* Views */,
				F61501EA2C440FA9003B7574 /* ViewModels */,
				F61501E92C440FA5003B7574 /* Models */,
			);
			path = Library;
			sourceTree = "<group>";
		};
		F61501E92C440FA5003B7574 /* Models */ = {
			isa = PBXGroup;
			children = (
				F6498A522C5E46E0006D371C /* LibraryItemModel.swift */,
			);
			path = Models;
			sourceTree = "<group>";
		};
		F61501EA2C440FA9003B7574 /* ViewModels */ = {
			isa = PBXGroup;
			children = (
				F6498A502C5E46C4006D371C /* LibraryViewModel.swift */,
			);
			path = ViewModels;
			sourceTree = "<group>";
		};
		F61501EB2C440FB0003B7574 /* Views */ = {
			isa = PBXGroup;
			children = (
				F61501EC2C440FC6003B7574 /* LibraryView.swift */,
				F6498A4E2C5E3BD0006D371C /* LibraryItemView.swift */,
				F6701BA92C824F3D00E5C7B1 /* LibraryItemDetailView.swift */,
				F6498A542C5E5C51006D371C /* AddGameView.swift */,
			);
			path = Views;
			sourceTree = "<group>";
		};
		F61501EE2C441025003B7574 /* Main */ = {
			isa = PBXGroup;
			children = (
				F61501F22C44103F003B7574 /* Views */,
				F61501F12C44103B003B7574 /* ViewModels */,
				F61501F02C441036003B7574 /* Models */,
			);
			path = Main;
			sourceTree = "<group>";
		};
		F61501EF2C441030003B7574 /* Profile */ = {
			isa = PBXGroup;
			children = (
				F61501F52C44104C003B7574 /* Views */,
				F61501F42C441046003B7574 /* ViewModels */,
				F61501F32C441042003B7574 /* Models */,
			);
			path = Profile;
			sourceTree = "<group>";
		};
		F61501F02C441036003B7574 /* Models */ = {
			isa = PBXGroup;
			children = (
			);
			path = Models;
			sourceTree = "<group>";
		};
		F61501F12C44103B003B7574 /* ViewModels */ = {
			isa = PBXGroup;
			children = (
				F61501FD2C441181003B7574 /* AppSettings.swift */,
			);
			path = ViewModels;
			sourceTree = "<group>";
		};
		F61501F22C44103F003B7574 /* Views */ = {
			isa = PBXGroup;
			children = (
				F61501F72C44105A003B7574 /* MainView.swift */,
			);
			path = Views;
			sourceTree = "<group>";
		};
		F61501F32C441042003B7574 /* Models */ = {
			isa = PBXGroup;
			children = (
			);
			path = Models;
			sourceTree = "<group>";
		};
		F61501F42C441046003B7574 /* ViewModels */ = {
			isa = PBXGroup;
			children = (
			);
			path = ViewModels;
			sourceTree = "<group>";
		};
		F61501F52C44104C003B7574 /* Views */ = {
			isa = PBXGroup;
			children = (
				F61501F92C441076003B7574 /* ProfileView.swift */,
			);
			path = Views;
			sourceTree = "<group>";
		};
		F65308602C0B0729009C886C /* Modules */ = {
			isa = PBXGroup;
			children = (
				F61501EE2C441025003B7574 /* Main */,
				F61501E22C440C27003B7574 /* Home */,
				F61501E82C440F95003B7574 /* Library */,
				F61501EF2C441030003B7574 /* Profile */,
				F65308612C0B0734009C886C /* Emulator */,
			);
			path = Modules;
			sourceTree = "<group>";
		};
		F65308612C0B0734009C886C /* Emulator */ = {
			isa = PBXGroup;
			children = (
				F6A3DB9A2C441A060025A941 /* Mappers */,
				F6A3DB912C4418310025A941 /* Cartridge */,
				F61501D22C43EE1C003B7574 /* CPU */,
				F6E31CDA2CA043DA00283AD4 /* PPU */,
				F6228A072C14FA860042F578 /* MockedCPU.swift */,
				F65308662C0B266C009C886C /* Extensions.swift */,
			);
			path = Emulator;
			sourceTree = "<group>";
		};
		F668DDAC2BFD1A92007A3B60 = {
			isa = PBXGroup;
			children = (
				F668DDB72BFD1A92007A3B60 /* iES */,
				F668DDCB2BFD1A94007A3B60 /* iESTests */,
				F668DDD52BFD1A94007A3B60 /* iESUITests */,
				F668DDB62BFD1A92007A3B60 /* Products */,
			);
			sourceTree = "<group>";
		};
		F668DDB62BFD1A92007A3B60 /* Products */ = {
			isa = PBXGroup;
			children = (
				F668DDB52BFD1A92007A3B60 /* iES.app */,
				F668DDC82BFD1A94007A3B60 /* iESTests.xctest */,
				F668DDD22BFD1A94007A3B60 /* iESUITests.xctest */,
			);
			name = Products;
			sourceTree = "<group>";
		};
		F668DDB72BFD1A92007A3B60 /* iES */ = {
			isa = PBXGroup;
			children = (
				F65308602C0B0729009C886C /* Modules */,
				F668DDB82BFD1A92007A3B60 /* iESApp.swift */,
				F668DDBE2BFD1A94007A3B60 /* Assets.xcassets */,
				F668DDC02BFD1A94007A3B60 /* iES.entitlements */,
				F668DDC12BFD1A94007A3B60 /* Preview Content */,
			);
			path = iES;
			sourceTree = "<group>";
		};
		F668DDC12BFD1A94007A3B60 /* Preview Content */ = {
			isa = PBXGroup;
			children = (
				F668DDC22BFD1A94007A3B60 /* Preview Assets.xcassets */,
			);
			path = "Preview Content";
			sourceTree = "<group>";
		};
		F668DDCB2BFD1A94007A3B60 /* iESTests */ = {
			isa = PBXGroup;
			children = (
				F6228A052C14EC570042F578 /* CPUTests.swift */,
			);
			path = iESTests;
			sourceTree = "<group>";
		};
		F668DDD52BFD1A94007A3B60 /* iESUITests */ = {
			isa = PBXGroup;
			children = (
				F668DDD62BFD1A94007A3B60 /* iESUITests.swift */,
				F668DDD82BFD1A94007A3B60 /* iESUITestsLaunchTests.swift */,
			);
			path = iESUITests;
			sourceTree = "<group>";
		};
		F6A3DB912C4418310025A941 /* Cartridge */ = {
			isa = PBXGroup;
			children = (
				F6A3DB922C44183E0025A941 /* Cartridge.swift */,
				F6A3DB9F2C441DA60025A941 /* RomHeader.swift */,
			);
			path = Cartridge;
			sourceTree = "<group>";
		};
		F6A3DB9A2C441A060025A941 /* Mappers */ = {
			isa = PBXGroup;
			children = (
				F6A3DB9B2C441A120025A941 /* MapperProtocol.swift */,
				F6A3DBA12C441ECA0025A941 /* MapperIdentifier.swift */,
				F6A3DBA32C441EE20025A941 /* MirroringMode.swift */,
			);
			path = Mappers;
			sourceTree = "<group>";
		};
		F6E31CDA2CA043DA00283AD4 /* PPU */ = {
			isa = PBXGroup;
			children = (
				F6E31CDB2CA043EA00283AD4 /* PPU.swift */,
				F6E31CDD2CA0480F00283AD4 /* PPUState.swift */,
			);
			path = PPU;
			sourceTree = "<group>";
		};
/* End PBXGroup section */

/* Begin PBXNativeTarget section */
		F668DDB42BFD1A92007A3B60 /* iES */ = {
			isa = PBXNativeTarget;
			buildConfigurationList = F668DDDC2BFD1A94007A3B60 /* Build configuration list for PBXNativeTarget "iES" */;
			buildPhases = (
				F668DDB12BFD1A92007A3B60 /* Sources */,
				F668DDB22BFD1A92007A3B60 /* Frameworks */,
				F668DDB32BFD1A92007A3B60 /* Resources */,
			);
			buildRules = (
			);
			dependencies = (
			);
			name = iES;
			packageProductDependencies = (
			);
			productName = iES;
			productReference = F668DDB52BFD1A92007A3B60 /* iES.app */;
			productType = "com.apple.product-type.application";
		};
		F668DDC72BFD1A94007A3B60 /* iESTests */ = {
			isa = PBXNativeTarget;
			buildConfigurationList = F668DDDF2BFD1A94007A3B60 /* Build configuration list for PBXNativeTarget "iESTests" */;
			buildPhases = (
				F668DDC42BFD1A94007A3B60 /* Sources */,
				F668DDC52BFD1A94007A3B60 /* Frameworks */,
				F668DDC62BFD1A94007A3B60 /* Resources */,
			);
			buildRules = (
			);
			dependencies = (
				F668DDCA2BFD1A94007A3B60 /* PBXTargetDependency */,
			);
			name = iESTests;
			productName = iESTests;
			productReference = F668DDC82BFD1A94007A3B60 /* iESTests.xctest */;
			productType = "com.apple.product-type.bundle.unit-test";
		};
		F668DDD12BFD1A94007A3B60 /* iESUITests */ = {
			isa = PBXNativeTarget;
			buildConfigurationList = F668DDE22BFD1A94007A3B60 /* Build configuration list for PBXNativeTarget "iESUITests" */;
			buildPhases = (
				F668DDCE2BFD1A94007A3B60 /* Sources */,
				F668DDCF2BFD1A94007A3B60 /* Frameworks */,
				F668DDD02BFD1A94007A3B60 /* Resources */,
			);
			buildRules = (
			);
			dependencies = (
				F668DDD42BFD1A94007A3B60 /* PBXTargetDependency */,
			);
			name = iESUITests;
			productName = iESUITests;
			productReference = F668DDD22BFD1A94007A3B60 /* iESUITests.xctest */;
			productType = "com.apple.product-type.bundle.ui-testing";
		};
/* End PBXNativeTarget section */

/* Begin PBXProject section */
		F668DDAD2BFD1A92007A3B60 /* Project object */ = {
			isa = PBXProject;
			attributes = {
				BuildIndependentTargetsInParallel = 1;
				LastSwiftUpdateCheck = 1540;
				LastUpgradeCheck = 1540;
				TargetAttributes = {
					F668DDB42BFD1A92007A3B60 = {
						CreatedOnToolsVersion = 15.4;
					};
					F668DDC72BFD1A94007A3B60 = {
						CreatedOnToolsVersion = 15.4;
						TestTargetID = F668DDB42BFD1A92007A3B60;
					};
					F668DDD12BFD1A94007A3B60 = {
						CreatedOnToolsVersion = 15.4;
						TestTargetID = F668DDB42BFD1A92007A3B60;
					};
				};
			};
			buildConfigurationList = F668DDB02BFD1A92007A3B60 /* Build configuration list for PBXProject "iES" */;
			compatibilityVersion = "Xcode 14.0";
			developmentRegion = en;
			hasScannedForEncodings = 0;
			knownRegions = (
				en,
				Base,
			);
			mainGroup = F668DDAC2BFD1A92007A3B60;
			packageReferences = (
			);
			productRefGroup = F668DDB62BFD1A92007A3B60 /* Products */;
			projectDirPath = "";
			projectRoot = "";
			targets = (
				F668DDB42BFD1A92007A3B60 /* iES */,
				F668DDC72BFD1A94007A3B60 /* iESTests */,
				F668DDD12BFD1A94007A3B60 /* iESUITests */,
			);
		};
/* End PBXProject section */

/* Begin PBXResourcesBuildPhase section */
		F668DDB32BFD1A92007A3B60 /* Resources */ = {
			isa = PBXResourcesBuildPhase;
			buildActionMask = 2147483647;
			files = (
				F668DDC32BFD1A94007A3B60 /* Preview Assets.xcassets in Resources */,
				F668DDBF2BFD1A94007A3B60 /* Assets.xcassets in Resources */,
			);
			runOnlyForDeploymentPostprocessing = 0;
		};
		F668DDC62BFD1A94007A3B60 /* Resources */ = {
			isa = PBXResourcesBuildPhase;
			buildActionMask = 2147483647;
			files = (
			);
			runOnlyForDeploymentPostprocessing = 0;
		};
		F668DDD02BFD1A94007A3B60 /* Resources */ = {
			isa = PBXResourcesBuildPhase;
			buildActionMask = 2147483647;
			files = (
			);
			runOnlyForDeploymentPostprocessing = 0;
		};
/* End PBXResourcesBuildPhase section */

/* Begin PBXSourcesBuildPhase section */
		F668DDB12BFD1A92007A3B60 /* Sources */ = {
			isa = PBXSourcesBuildPhase;
			buildActionMask = 2147483647;
			files = (
				F6701BAA2C824F3D00E5C7B1 /* LibraryItemDetailView.swift in Sources */,
				F6A3DBA42C441EE20025A941 /* MirroringMode.swift in Sources */,
				F61501D92C43EE77003B7574 /* StepData.swift in Sources */,
				F6A3DBA02C441DA60025A941 /* RomHeader.swift in Sources */,
				F668DDB92BFD1A92007A3B60 /* iESApp.swift in Sources */,
				F61501FE2C441181003B7574 /* AppSettings.swift in Sources */,
				F61501ED2C440FC6003B7574 /* LibraryView.swift in Sources */,
				F6E31CDE2CA0480F00283AD4 /* PPUState.swift in Sources */,
				F6A3DBA22C441ECA0025A941 /* MapperIdentifier.swift in Sources */,
				F6498A512C5E46C4006D371C /* LibraryViewModel.swift in Sources */,
				F6A3DB9C2C441A120025A941 /* MapperProtocol.swift in Sources */,
				F61501F82C44105A003B7574 /* MainView.swift in Sources */,
				F6228A082C14FA860042F578 /* MockedCPU.swift in Sources */,
				F61501DB2C43EE94003B7574 /* InstructionData.swift in Sources */,
				F6498A4F2C5E3BD0006D371C /* LibraryItemView.swift in Sources */,
				F6A3DB932C44183E0025A941 /* Cartridge.swift in Sources */,
				F6498A532C5E46E0006D371C /* LibraryItemModel.swift in Sources */,
				F65308652C0B0746009C886C /* CPU.swift in Sources */,
				F61501E72C440C43003B7574 /* HomeView.swift in Sources */,
				F61501D62C43EE5A003B7574 /* AddressingMode.swift in Sources */,
				F61501FA2C441076003B7574 /* ProfileView.swift in Sources */,
				F688E4AF2C5DDB1A00055CD0 /* HomeViewIcon.swift in Sources */,
				F6E31CDC2CA043EF00283AD4 /* PPU.swift in Sources */,
				F6A3DB9E2C441ADE0025A941 /* Interrupt.swift in Sources */,
				F6498A552C5E5C52006D371C /* AddGameView.swift in Sources */,
				F65308672C0B266C009C886C /* Extensions.swift in Sources */,
			);
			runOnlyForDeploymentPostprocessing = 0;
		};
		F668DDC42BFD1A94007A3B60 /* Sources */ = {
			isa = PBXSourcesBuildPhase;
			buildActionMask = 2147483647;
			files = (
				F6228A062C14EC570042F578 /* CPUTests.swift in Sources */,
			);
			runOnlyForDeploymentPostprocessing = 0;
		};
		F668DDCE2BFD1A94007A3B60 /* Sources */ = {
			isa = PBXSourcesBuildPhase;
			buildActionMask = 2147483647;
			files = (
				F668DDD92BFD1A94007A3B60 /* iESUITestsLaunchTests.swift in Sources */,
				F668DDD72BFD1A94007A3B60 /* iESUITests.swift in Sources */,
			);
			runOnlyForDeploymentPostprocessing = 0;
		};
/* End PBXSourcesBuildPhase section */

/* Begin PBXTargetDependency section */
		F668DDCA2BFD1A94007A3B60 /* PBXTargetDependency */ = {
			isa = PBXTargetDependency;
			target = F668DDB42BFD1A92007A3B60 /* iES */;
			targetProxy = F668DDC92BFD1A94007A3B60 /* PBXContainerItemProxy */;
		};
		F668DDD42BFD1A94007A3B60 /* PBXTargetDependency */ = {
			isa = PBXTargetDependency;
			target = F668DDB42BFD1A92007A3B60 /* iES */;
			targetProxy = F668DDD32BFD1A94007A3B60 /* PBXContainerItemProxy */;
		};
/* End PBXTargetDependency section */

/* Begin XCBuildConfiguration section */
		F668DDDA2BFD1A94007A3B60 /* Debug */ = {
			isa = XCBuildConfiguration;
			buildSettings = {
				ALWAYS_SEARCH_USER_PATHS = NO;
				ASSETCATALOG_COMPILER_GENERATE_SWIFT_ASSET_SYMBOL_EXTENSIONS = YES;
				CLANG_ANALYZER_NONNULL = YES;
				CLANG_ANALYZER_NUMBER_OBJECT_CONVERSION = YES_AGGRESSIVE;
				CLANG_CXX_LANGUAGE_STANDARD = "gnu++20";
				CLANG_ENABLE_MODULES = YES;
				CLANG_ENABLE_OBJC_ARC = YES;
				CLANG_ENABLE_OBJC_WEAK = YES;
				CLANG_WARN_BLOCK_CAPTURE_AUTORELEASING = YES;
				CLANG_WARN_BOOL_CONVERSION = YES;
				CLANG_WARN_COMMA = YES;
				CLANG_WARN_CONSTANT_CONVERSION = YES;
				CLANG_WARN_DEPRECATED_OBJC_IMPLEMENTATIONS = YES;
				CLANG_WARN_DIRECT_OBJC_ISA_USAGE = YES_ERROR;
				CLANG_WARN_DOCUMENTATION_COMMENTS = YES;
				CLANG_WARN_EMPTY_BODY = YES;
				CLANG_WARN_ENUM_CONVERSION = YES;
				CLANG_WARN_INFINITE_RECURSION = YES;
				CLANG_WARN_INT_CONVERSION = YES;
				CLANG_WARN_NON_LITERAL_NULL_CONVERSION = YES;
				CLANG_WARN_OBJC_IMPLICIT_RETAIN_SELF = YES;
				CLANG_WARN_OBJC_LITERAL_CONVERSION = YES;
				CLANG_WARN_OBJC_ROOT_CLASS = YES_ERROR;
				CLANG_WARN_QUOTED_INCLUDE_IN_FRAMEWORK_HEADER = YES;
				CLANG_WARN_RANGE_LOOP_ANALYSIS = YES;
				CLANG_WARN_STRICT_PROTOTYPES = YES;
				CLANG_WARN_SUSPICIOUS_MOVE = YES;
				CLANG_WARN_UNGUARDED_AVAILABILITY = YES_AGGRESSIVE;
				CLANG_WARN_UNREACHABLE_CODE = YES;
				CLANG_WARN__DUPLICATE_METHOD_MATCH = YES;
				COPY_PHASE_STRIP = NO;
				DEBUG_INFORMATION_FORMAT = dwarf;
				ENABLE_STRICT_OBJC_MSGSEND = YES;
				ENABLE_TESTABILITY = YES;
				ENABLE_USER_SCRIPT_SANDBOXING = YES;
				GCC_C_LANGUAGE_STANDARD = gnu17;
				GCC_DYNAMIC_NO_PIC = NO;
				GCC_NO_COMMON_BLOCKS = YES;
				GCC_OPTIMIZATION_LEVEL = 0;
				GCC_PREPROCESSOR_DEFINITIONS = (
					"DEBUG=1",
					"$(inherited)",
				);
				GCC_WARN_64_TO_32_BIT_CONVERSION = YES;
				GCC_WARN_ABOUT_RETURN_TYPE = YES_ERROR;
				GCC_WARN_UNDECLARED_SELECTOR = YES;
				GCC_WARN_UNINITIALIZED_AUTOS = YES_AGGRESSIVE;
				GCC_WARN_UNUSED_FUNCTION = YES;
				GCC_WARN_UNUSED_VARIABLE = YES;
				LOCALIZATION_PREFERS_STRING_CATALOGS = YES;
				MTL_ENABLE_DEBUG_INFO = INCLUDE_SOURCE;
				MTL_FAST_MATH = YES;
				ONLY_ACTIVE_ARCH = YES;
				SWIFT_ACTIVE_COMPILATION_CONDITIONS = "DEBUG $(inherited)";
				SWIFT_OPTIMIZATION_LEVEL = "-Onone";
			};
			name = Debug;
		};
		F668DDDB2BFD1A94007A3B60 /* Release */ = {
			isa = XCBuildConfiguration;
			buildSettings = {
				ALWAYS_SEARCH_USER_PATHS = NO;
				ASSETCATALOG_COMPILER_GENERATE_SWIFT_ASSET_SYMBOL_EXTENSIONS = YES;
				CLANG_ANALYZER_NONNULL = YES;
				CLANG_ANALYZER_NUMBER_OBJECT_CONVERSION = YES_AGGRESSIVE;
				CLANG_CXX_LANGUAGE_STANDARD = "gnu++20";
				CLANG_ENABLE_MODULES = YES;
				CLANG_ENABLE_OBJC_ARC = YES;
				CLANG_ENABLE_OBJC_WEAK = YES;
				CLANG_WARN_BLOCK_CAPTURE_AUTORELEASING = YES;
				CLANG_WARN_BOOL_CONVERSION = YES;
				CLANG_WARN_COMMA = YES;
				CLANG_WARN_CONSTANT_CONVERSION = YES;
				CLANG_WARN_DEPRECATED_OBJC_IMPLEMENTATIONS = YES;
				CLANG_WARN_DIRECT_OBJC_ISA_USAGE = YES_ERROR;
				CLANG_WARN_DOCUMENTATION_COMMENTS = YES;
				CLANG_WARN_EMPTY_BODY = YES;
				CLANG_WARN_ENUM_CONVERSION = YES;
				CLANG_WARN_INFINITE_RECURSION = YES;
				CLANG_WARN_INT_CONVERSION = YES;
				CLANG_WARN_NON_LITERAL_NULL_CONVERSION = YES;
				CLANG_WARN_OBJC_IMPLICIT_RETAIN_SELF = YES;
				CLANG_WARN_OBJC_LITERAL_CONVERSION = YES;
				CLANG_WARN_OBJC_ROOT_CLASS = YES_ERROR;
				CLANG_WARN_QUOTED_INCLUDE_IN_FRAMEWORK_HEADER = YES;
				CLANG_WARN_RANGE_LOOP_ANALYSIS = YES;
				CLANG_WARN_STRICT_PROTOTYPES = YES;
				CLANG_WARN_SUSPICIOUS_MOVE = YES;
				CLANG_WARN_UNGUARDED_AVAILABILITY = YES_AGGRESSIVE;
				CLANG_WARN_UNREACHABLE_CODE = YES;
				CLANG_WARN__DUPLICATE_METHOD_MATCH = YES;
				COPY_PHASE_STRIP = NO;
				DEBUG_INFORMATION_FORMAT = "dwarf-with-dsym";
				ENABLE_NS_ASSERTIONS = NO;
				ENABLE_STRICT_OBJC_MSGSEND = YES;
				ENABLE_USER_SCRIPT_SANDBOXING = YES;
				GCC_C_LANGUAGE_STANDARD = gnu17;
				GCC_NO_COMMON_BLOCKS = YES;
				GCC_WARN_64_TO_32_BIT_CONVERSION = YES;
				GCC_WARN_ABOUT_RETURN_TYPE = YES_ERROR;
				GCC_WARN_UNDECLARED_SELECTOR = YES;
				GCC_WARN_UNINITIALIZED_AUTOS = YES_AGGRESSIVE;
				GCC_WARN_UNUSED_FUNCTION = YES;
				GCC_WARN_UNUSED_VARIABLE = YES;
				LOCALIZATION_PREFERS_STRING_CATALOGS = YES;
				MTL_ENABLE_DEBUG_INFO = NO;
				MTL_FAST_MATH = YES;
				SWIFT_COMPILATION_MODE = wholemodule;
			};
			name = Release;
		};
		F668DDDD2BFD1A94007A3B60 /* Debug */ = {
			isa = XCBuildConfiguration;
			buildSettings = {
				ASSETCATALOG_COMPILER_APPICON_NAME = AppIcon;
				ASSETCATALOG_COMPILER_GLOBAL_ACCENT_COLOR_NAME = AccentColor;
				CODE_SIGN_ENTITLEMENTS = iES/iES.entitlements;
				CODE_SIGN_STYLE = Automatic;
				CURRENT_PROJECT_VERSION = 1;
				DEVELOPMENT_ASSET_PATHS = "\"iES/Preview Content\"";
				ENABLE_PREVIEWS = YES;
				GENERATE_INFOPLIST_FILE = YES;
				"INFOPLIST_KEY_UIApplicationSceneManifest_Generation[sdk=iphoneos*]" = YES;
				"INFOPLIST_KEY_UIApplicationSceneManifest_Generation[sdk=iphonesimulator*]" = YES;
				"INFOPLIST_KEY_UIApplicationSupportsIndirectInputEvents[sdk=iphoneos*]" = YES;
				"INFOPLIST_KEY_UIApplicationSupportsIndirectInputEvents[sdk=iphonesimulator*]" = YES;
				"INFOPLIST_KEY_UILaunchScreen_Generation[sdk=iphoneos*]" = YES;
				"INFOPLIST_KEY_UILaunchScreen_Generation[sdk=iphonesimulator*]" = YES;
				"INFOPLIST_KEY_UIStatusBarStyle[sdk=iphoneos*]" = UIStatusBarStyleDefault;
				"INFOPLIST_KEY_UIStatusBarStyle[sdk=iphonesimulator*]" = UIStatusBarStyleDefault;
				INFOPLIST_KEY_UISupportedInterfaceOrientations = "UIInterfaceOrientationLandscapeLeft UIInterfaceOrientationLandscapeRight";
				IPHONEOS_DEPLOYMENT_TARGET = 17.5;
				LD_RUNPATH_SEARCH_PATHS = "@executable_path/Frameworks";
				"LD_RUNPATH_SEARCH_PATHS[sdk=macosx*]" = "@executable_path/../Frameworks";
				MACOSX_DEPLOYMENT_TARGET = 14.0;
				MARKETING_VERSION = 1.0;
				PRODUCT_BUNDLE_IDENTIFIER = vdc.iES;
				PRODUCT_NAME = "$(TARGET_NAME)";
				SDKROOT = auto;
				SUPPORTED_PLATFORMS = "iphoneos iphonesimulator";
				SUPPORTS_MACCATALYST = NO;
				SUPPORTS_MAC_DESIGNED_FOR_IPHONE_IPAD = YES;
				SUPPORTS_XR_DESIGNED_FOR_IPHONE_IPAD = YES;
				SWIFT_EMIT_LOC_STRINGS = YES;
				SWIFT_VERSION = 5.0;
				TARGETED_DEVICE_FAMILY = "1,2";
			};
			name = Debug;
		};
		F668DDDE2BFD1A94007A3B60 /* Release */ = {
			isa = XCBuildConfiguration;
			buildSettings = {
				ASSETCATALOG_COMPILER_APPICON_NAME = AppIcon;
				ASSETCATALOG_COMPILER_GLOBAL_ACCENT_COLOR_NAME = AccentColor;
				CODE_SIGN_ENTITLEMENTS = iES/iES.entitlements;
				CODE_SIGN_STYLE = Automatic;
				CURRENT_PROJECT_VERSION = 1;
				DEVELOPMENT_ASSET_PATHS = "\"iES/Preview Content\"";
				ENABLE_PREVIEWS = YES;
				GENERATE_INFOPLIST_FILE = YES;
				"INFOPLIST_KEY_UIApplicationSceneManifest_Generation[sdk=iphoneos*]" = YES;
				"INFOPLIST_KEY_UIApplicationSceneManifest_Generation[sdk=iphonesimulator*]" = YES;
				"INFOPLIST_KEY_UIApplicationSupportsIndirectInputEvents[sdk=iphoneos*]" = YES;
				"INFOPLIST_KEY_UIApplicationSupportsIndirectInputEvents[sdk=iphonesimulator*]" = YES;
				"INFOPLIST_KEY_UILaunchScreen_Generation[sdk=iphoneos*]" = YES;
				"INFOPLIST_KEY_UILaunchScreen_Generation[sdk=iphonesimulator*]" = YES;
				"INFOPLIST_KEY_UIStatusBarStyle[sdk=iphoneos*]" = UIStatusBarStyleDefault;
				"INFOPLIST_KEY_UIStatusBarStyle[sdk=iphonesimulator*]" = UIStatusBarStyleDefault;
				INFOPLIST_KEY_UISupportedInterfaceOrientations = "UIInterfaceOrientationLandscapeLeft UIInterfaceOrientationLandscapeRight";
				IPHONEOS_DEPLOYMENT_TARGET = 17.5;
				LD_RUNPATH_SEARCH_PATHS = "@executable_path/Frameworks";
				"LD_RUNPATH_SEARCH_PATHS[sdk=macosx*]" = "@executable_path/../Frameworks";
				MACOSX_DEPLOYMENT_TARGET = 14.0;
				MARKETING_VERSION = 1.0;
				PRODUCT_BUNDLE_IDENTIFIER = vdc.iES;
				PRODUCT_NAME = "$(TARGET_NAME)";
				SDKROOT = auto;
				SUPPORTED_PLATFORMS = "iphoneos iphonesimulator";
				SUPPORTS_MACCATALYST = NO;
				SUPPORTS_MAC_DESIGNED_FOR_IPHONE_IPAD = YES;
				SUPPORTS_XR_DESIGNED_FOR_IPHONE_IPAD = YES;
				SWIFT_EMIT_LOC_STRINGS = YES;
				SWIFT_VERSION = 5.0;
				TARGETED_DEVICE_FAMILY = "1,2";
			};
			name = Release;
		};
		F668DDE02BFD1A94007A3B60 /* Debug */ = {
			isa = XCBuildConfiguration;
			buildSettings = {
				ALWAYS_EMBED_SWIFT_STANDARD_LIBRARIES = YES;
				BUNDLE_LOADER = "$(TEST_HOST)";
				CODE_SIGN_STYLE = Automatic;
				CURRENT_PROJECT_VERSION = 1;
				GENERATE_INFOPLIST_FILE = YES;
				IPHONEOS_DEPLOYMENT_TARGET = 17.5;
				MACOSX_DEPLOYMENT_TARGET = 14.5;
				MARKETING_VERSION = 1.0;
				PRODUCT_BUNDLE_IDENTIFIER = vdc.iESTests;
				PRODUCT_NAME = "$(TARGET_NAME)";
				SDKROOT = auto;
				SUPPORTED_PLATFORMS = "iphoneos iphonesimulator macosx";
				SWIFT_EMIT_LOC_STRINGS = NO;
				SWIFT_VERSION = 5.0;
				TARGETED_DEVICE_FAMILY = "1,2";
				TEST_HOST = "$(BUILT_PRODUCTS_DIR)/iES.app/$(BUNDLE_EXECUTABLE_FOLDER_PATH)/iES";
			};
			name = Debug;
		};
		F668DDE12BFD1A94007A3B60 /* Release */ = {
			isa = XCBuildConfiguration;
			buildSettings = {
				ALWAYS_EMBED_SWIFT_STANDARD_LIBRARIES = YES;
				BUNDLE_LOADER = "$(TEST_HOST)";
				CODE_SIGN_STYLE = Automatic;
				CURRENT_PROJECT_VERSION = 1;
				GENERATE_INFOPLIST_FILE = YES;
				IPHONEOS_DEPLOYMENT_TARGET = 17.5;
				MACOSX_DEPLOYMENT_TARGET = 14.5;
				MARKETING_VERSION = 1.0;
				PRODUCT_BUNDLE_IDENTIFIER = vdc.iESTests;
				PRODUCT_NAME = "$(TARGET_NAME)";
				SDKROOT = auto;
				SUPPORTED_PLATFORMS = "iphoneos iphonesimulator macosx";
				SWIFT_EMIT_LOC_STRINGS = NO;
				SWIFT_VERSION = 5.0;
				TARGETED_DEVICE_FAMILY = "1,2";
				TEST_HOST = "$(BUILT_PRODUCTS_DIR)/iES.app/$(BUNDLE_EXECUTABLE_FOLDER_PATH)/iES";
			};
			name = Release;
		};
		F668DDE32BFD1A94007A3B60 /* Debug */ = {
			isa = XCBuildConfiguration;
			buildSettings = {
				ALWAYS_EMBED_SWIFT_STANDARD_LIBRARIES = YES;
				CODE_SIGN_STYLE = Automatic;
				CURRENT_PROJECT_VERSION = 1;
				GENERATE_INFOPLIST_FILE = YES;
				IPHONEOS_DEPLOYMENT_TARGET = 17.5;
				MACOSX_DEPLOYMENT_TARGET = 14.5;
				MARKETING_VERSION = 1.0;
				PRODUCT_BUNDLE_IDENTIFIER = vdc.iESUITests;
				PRODUCT_NAME = "$(TARGET_NAME)";
				SDKROOT = auto;
				SUPPORTED_PLATFORMS = "iphoneos iphonesimulator macosx";
				SWIFT_EMIT_LOC_STRINGS = NO;
				SWIFT_VERSION = 5.0;
				TARGETED_DEVICE_FAMILY = "1,2";
				TEST_TARGET_NAME = iES;
			};
			name = Debug;
		};
		F668DDE42BFD1A94007A3B60 /* Release */ = {
			isa = XCBuildConfiguration;
			buildSettings = {
				ALWAYS_EMBED_SWIFT_STANDARD_LIBRARIES = YES;
				CODE_SIGN_STYLE = Automatic;
				CURRENT_PROJECT_VERSION = 1;
				GENERATE_INFOPLIST_FILE = YES;
				IPHONEOS_DEPLOYMENT_TARGET = 17.5;
				MACOSX_DEPLOYMENT_TARGET = 14.5;
				MARKETING_VERSION = 1.0;
				PRODUCT_BUNDLE_IDENTIFIER = vdc.iESUITests;
				PRODUCT_NAME = "$(TARGET_NAME)";
				SDKROOT = auto;
				SUPPORTED_PLATFORMS = "iphoneos iphonesimulator macosx";
				SWIFT_EMIT_LOC_STRINGS = NO;
				SWIFT_VERSION = 5.0;
				TARGETED_DEVICE_FAMILY = "1,2";
				TEST_TARGET_NAME = iES;
			};
			name = Release;
		};
/* End XCBuildConfiguration section */

/* Begin XCConfigurationList section */
		F668DDB02BFD1A92007A3B60 /* Build configuration list for PBXProject "iES" */ = {
			isa = XCConfigurationList;
			buildConfigurations = (
				F668DDDA2BFD1A94007A3B60 /* Debug */,
				F668DDDB2BFD1A94007A3B60 /* Release */,
			);
			defaultConfigurationIsVisible = 0;
			defaultConfigurationName = Release;
		};
		F668DDDC2BFD1A94007A3B60 /* Build configuration list for PBXNativeTarget "iES" */ = {
			isa = XCConfigurationList;
			buildConfigurations = (
				F668DDDD2BFD1A94007A3B60 /* Debug */,
				F668DDDE2BFD1A94007A3B60 /* Release */,
			);
			defaultConfigurationIsVisible = 0;
			defaultConfigurationName = Release;
		};
		F668DDDF2BFD1A94007A3B60 /* Build configuration list for PBXNativeTarget "iESTests" */ = {
			isa = XCConfigurationList;
			buildConfigurations = (
				F668DDE02BFD1A94007A3B60 /* Debug */,
				F668DDE12BFD1A94007A3B60 /* Release */,
			);
			defaultConfigurationIsVisible = 0;
			defaultConfigurationName = Release;
		};
		F668DDE22BFD1A94007A3B60 /* Build configuration list for PBXNativeTarget "iESUITests" */ = {
			isa = XCConfigurationList;
			buildConfigurations = (
				F668DDE32BFD1A94007A3B60 /* Debug */,
				F668DDE42BFD1A94007A3B60 /* Release */,
			);
			defaultConfigurationIsVisible = 0;
			defaultConfigurationName = Release;
		};
/* End XCConfigurationList section */
	};
	rootObject = F668DDAD2BFD1A92007A3B60 /* Project object */;
}
